// !$*UTF8*$!
{
	archiveVersion = 1;
	classes = {
	};
	objectVersion = 46;
	objects = {

/* Begin PBXBuildFile section */
		430505A315177FAE00C08BC7 /* MSUtilities.m in Sources */ = {isa = PBXBuildFile; fileRef = 430505A215177FAE00C08BC7 /* MSUtilities.m */; };
		4316805615013E4100A41785 /* UIKit.framework in Frameworks */ = {isa = PBXBuildFile; fileRef = 4316805515013E4100A41785 /* UIKit.framework */; settings = {ATTRIBUTES = (Required, ); }; };
		4316805815013E4100A41785 /* Foundation.framework in Frameworks */ = {isa = PBXBuildFile; fileRef = 4316805715013E4100A41785 /* Foundation.framework */; };
		4316805A15013E4100A41785 /* CoreGraphics.framework in Frameworks */ = {isa = PBXBuildFile; fileRef = 4316805915013E4100A41785 /* CoreGraphics.framework */; };
		4316806015013E4100A41785 /* InfoPlist.strings in Resources */ = {isa = PBXBuildFile; fileRef = 4316805E15013E4100A41785 /* InfoPlist.strings */; };
		4316806215013E4100A41785 /* main.m in Sources */ = {isa = PBXBuildFile; fileRef = 4316806115013E4100A41785 /* main.m */; };
		4316806615013E4100A41785 /* AppDelegate.m in Sources */ = {isa = PBXBuildFile; fileRef = 4316806515013E4100A41785 /* AppDelegate.m */; };
		4316808215013E4200A41785 /* SenTestingKit.framework in Frameworks */ = {isa = PBXBuildFile; fileRef = 4316808115013E4200A41785 /* SenTestingKit.framework */; };
		4316808315013E4200A41785 /* UIKit.framework in Frameworks */ = {isa = PBXBuildFile; fileRef = 4316805515013E4100A41785 /* UIKit.framework */; };
		4316808415013E4200A41785 /* Foundation.framework in Frameworks */ = {isa = PBXBuildFile; fileRef = 4316805715013E4100A41785 /* Foundation.framework */; };
		4316808C15013E4200A41785 /* InfoPlist.strings in Resources */ = {isa = PBXBuildFile; fileRef = 4316808A15013E4200A41785 /* InfoPlist.strings */; };
		4316808F15013E4200A41785 /* Winnipeg_TransitTests.m in Sources */ = {isa = PBXBuildFile; fileRef = 4316808E15013E4200A41785 /* Winnipeg_TransitTests.m */; };
		4316809A15013F6900A41785 /* navigoViewController.m in Sources */ = {isa = PBXBuildFile; fileRef = 4316809915013F6900A41785 /* navigoViewController.m */; };
		4316809D15013F8300A41785 /* timetableViewController.m in Sources */ = {isa = PBXBuildFile; fileRef = 4316809C15013F8300A41785 /* timetableViewController.m */; };
		431680A015013FA400A41785 /* stopscheduleViewController.m in Sources */ = {isa = PBXBuildFile; fileRef = 4316809F15013FA400A41785 /* stopscheduleViewController.m */; };
		4342D4541582611600A4A558 /* MSTableViewCell.m in Sources */ = {isa = PBXBuildFile; fileRef = 4342D4531582611600A4A558 /* MSTableViewCell.m */; };
		4342D4571582627E00A4A558 /* MSTableViewCell.xib in Resources */ = {isa = PBXBuildFile; fileRef = 4342D4561582627E00A4A558 /* MSTableViewCell.xib */; };
		435617DF151266050022F903 /* UniversalViewController.m in Sources */ = {isa = PBXBuildFile; fileRef = 435617DE151266050022F903 /* UniversalViewController.m */; };
		6F0A256517EF770100D9F0A6 /* Appirater.m in Sources */ = {isa = PBXBuildFile; fileRef = 6F0A254517EF770100D9F0A6 /* Appirater.m */; };
		6F0A256617EF770100D9F0A6 /* Appirater.podspec in Resources */ = {isa = PBXBuildFile; fileRef = 6F0A254617EF770100D9F0A6 /* Appirater.podspec */; };
		6F0A256717EF770100D9F0A6 /* AppiraterLocalizable.strings in Resources */ = {isa = PBXBuildFile; fileRef = 6F0A254817EF770100D9F0A6 /* AppiraterLocalizable.strings */; };
		6F0A256817EF770100D9F0A6 /* README.md in Resources */ = {isa = PBXBuildFile; fileRef = 6F0A255C17EF770100D9F0A6 /* README.md */; };
		6F0A256A17EF77A100D9F0A6 /* StoreKit.framework in Frameworks */ = {isa = PBXBuildFile; fileRef = 6F0A256917EF77A100D9F0A6 /* StoreKit.framework */; };
		6F0FEAB51789CC30001965A3 /* CFNetwork.framework in Frameworks */ = {isa = PBXBuildFile; fileRef = 6F0FEAB41789CC30001965A3 /* CFNetwork.framework */; };
		6F1AA6441776A41000713207 /* agency.txt in Resources */ = {isa = PBXBuildFile; fileRef = 6F1AA6391776A41000713207 /* agency.txt */; };
		6F1AA6451776A41000713207 /* calendar.txt in Resources */ = {isa = PBXBuildFile; fileRef = 6F1AA63A1776A41000713207 /* calendar.txt */; };
		6F1AA6461776A41000713207 /* calendar_dates.txt in Resources */ = {isa = PBXBuildFile; fileRef = 6F1AA63B1776A41000713207 /* calendar_dates.txt */; };
		6F1AA6471776A41000713207 /* fare_attributes.txt in Resources */ = {isa = PBXBuildFile; fileRef = 6F1AA63C1776A41000713207 /* fare_attributes.txt */; };
		6F1AA6481776A41000713207 /* fare_rules.txt in Resources */ = {isa = PBXBuildFile; fileRef = 6F1AA63D1776A41000713207 /* fare_rules.txt */; };
		6F1AA6491776A41000713207 /* LICENCE in Resources */ = {isa = PBXBuildFile; fileRef = 6F1AA63E1776A41000713207 /* LICENCE */; };
		6F1AA64A1776A41000713207 /* routes.txt in Resources */ = {isa = PBXBuildFile; fileRef = 6F1AA63F1776A41000713207 /* routes.txt */; };
		6F1AA64B1776A41000713207 /* shapes.txt in Resources */ = {isa = PBXBuildFile; fileRef = 6F1AA6401776A41000713207 /* shapes.txt */; };
		6F1AA64C1776A41000713207 /* stop_times.txt in Resources */ = {isa = PBXBuildFile; fileRef = 6F1AA6411776A41000713207 /* stop_times.txt */; };
		6F1AA64D1776A41000713207 /* stops.txt in Resources */ = {isa = PBXBuildFile; fileRef = 6F1AA6421776A41000713207 /* stops.txt */; };
		6F1AA64E1776A41000713207 /* trips.txt in Resources */ = {isa = PBXBuildFile; fileRef = 6F1AA6431776A41000713207 /* trips.txt */; };
		6F1AA65B1776AB6600713207 /* MSStep.m in Sources */ = {isa = PBXBuildFile; fileRef = 6F1AA65A1776AB6600713207 /* MSStep.m */; };
		6F1AA65E1776AB7700713207 /* MSMovingStep.m in Sources */ = {isa = PBXBuildFile; fileRef = 6F1AA65D1776AB7700713207 /* MSMovingStep.m */; };
		6F1AA6611776AB9700713207 /* MSLocationStep.m in Sources */ = {isa = PBXBuildFile; fileRef = 6F1AA6601776AB9700713207 /* MSLocationStep.m */; };
		6F24050C16DEC9CE00444E18 /* MSQuery.m in Sources */ = {isa = PBXBuildFile; fileRef = 6F24050B16DEC9CE00444E18 /* MSQuery.m */; };
		6F24051316DF105C00444E18 /* MSLocation.m in Sources */ = {isa = PBXBuildFile; fileRef = 6F24051216DF105C00444E18 /* MSLocation.m */; };
		6F24051916DF107500444E18 /* MSStop.m in Sources */ = {isa = PBXBuildFile; fileRef = 6F24051816DF107500444E18 /* MSStop.m */; };
		6F24051C16DF107F00444E18 /* MSMonument.m in Sources */ = {isa = PBXBuildFile; fileRef = 6F24051B16DF107F00444E18 /* MSMonument.m */; };
		6F24051F16DF18AE00444E18 /* MSVariation.m in Sources */ = {isa = PBXBuildFile; fileRef = 6F24051E16DF18AE00444E18 /* MSVariation.m */; };
		6F24052216DF18BF00444E18 /* MSSegment.m in Sources */ = {isa = PBXBuildFile; fileRef = 6F24052116DF18BF00444E18 /* MSSegment.m */; };
		6F27EA8E16B8B09700444EEB /* MSRoute.m in Sources */ = {isa = PBXBuildFile; fileRef = 6F27EA8D16B8B09700444EEB /* MSRoute.m */; };
		6F36798F1708C62B008FA13D /* MSAddress.m in Sources */ = {isa = PBXBuildFile; fileRef = 6F36798E1708C62B008FA13D /* MSAddress.m */; };
		6F378F0B1526869B00FCA44D /* Settings.bundle in Resources */ = {isa = PBXBuildFile; fileRef = 6F378F0A1526869B00FCA44D /* Settings.bundle */; };
		6F3D82E8162B423600313642 /* SystemConfiguration.framework in Frameworks */ = {isa = PBXBuildFile; fileRef = 6F3D82E7162B423600313642 /* SystemConfiguration.framework */; };
		6F519A0A1502F84200395F84 /* XMLParser.m in Sources */ = {isa = PBXBuildFile; fileRef = 6F519A091502F84200395F84 /* XMLParser.m */; };
		6F5802F7158817660031A17E /* MSSeparator.m in Sources */ = {isa = PBXBuildFile; fileRef = 6F5802F6158817660031A17E /* MSSeparator.m */; };
		6F5BD0A6166B190F0077B2EB /* SearchHistoryViewController.m in Sources */ = {isa = PBXBuildFile; fileRef = 6F5BD0A5166B190F0077B2EB /* SearchHistoryViewController.m */; };
		6F5BD0A9166B1DE40077B2EB /* SearchHistoryView.xib in Resources */ = {isa = PBXBuildFile; fileRef = 6F5BD0A8166B1DE40077B2EB /* SearchHistoryView.xib */; };
		6F5E7C7D16ED5E08009F9DE3 /* MSIntersection.m in Sources */ = {isa = PBXBuildFile; fileRef = 6F5E7C7C16ED5E08009F9DE3 /* MSIntersection.m */; };
		6F60B8681526AB0200FFCD99 /* Icon@2x.png in Resources */ = {isa = PBXBuildFile; fileRef = 6F60B8671526AB0200FFCD99 /* Icon@2x.png */; };
		6F60B86A1526AB0C00FFCD99 /* Icon.png in Resources */ = {isa = PBXBuildFile; fileRef = 6F60B8691526AB0C00FFCD99 /* Icon.png */; };
		6F60B86C1526AB6B00FFCD99 /* Icon-72.png in Resources */ = {isa = PBXBuildFile; fileRef = 6F60B86B1526AB6B00FFCD99 /* Icon-72.png */; };
		6F60B8701526B0AE00FFCD99 /* navigoResultViewController.m in Sources */ = {isa = PBXBuildFile; fileRef = 6F60B86F1526B0AE00FFCD99 /* navigoResultViewController.m */; };
		6F643F891875DBEF00C27C26 /* MSSuggestionBoxCell.m in Sources */ = {isa = PBXBuildFile; fileRef = 6F643F881875DBEF00C27C26 /* MSSuggestionBoxCell.m */; };
		6F6AD88C1513E5B300E69E97 /* navigoViewLibrary.m in Sources */ = {isa = PBXBuildFile; fileRef = 6F6AD88B1513E5B300E69E97 /* navigoViewLibrary.m */; };
		6F7646A9159E9E6D008AEE88 /* MSExitBar.m in Sources */ = {isa = PBXBuildFile; fileRef = 6F7646A8159E9E6D008AEE88 /* MSExitBar.m */; };
		6F91DBA615BD03D1005B9B7A /* SubmitButton.m in Sources */ = {isa = PBXBuildFile; fileRef = 6F91DBA515BD03D1005B9B7A /* SubmitButton.m */; };
		6F9A387116E5C1AD00D7C076 /* TripHistoryCell.m in Sources */ = {isa = PBXBuildFile; fileRef = 6F9A387016E5C1AD00D7C076 /* TripHistoryCell.m */; };
		6F9A387316E5C1C300D7C076 /* TripHistoryCell.xib in Resources */ = {isa = PBXBuildFile; fileRef = 6F9A387216E5C1C300D7C076 /* TripHistoryCell.xib */; };
		6F9CB1F2164B5CE50059FA52 /* Default-568h@2x.png in Resources */ = {isa = PBXBuildFile; fileRef = 6F9CB1F1164B5CE50059FA52 /* Default-568h@2x.png */; };
		6F9E37E4186A30FF00F17A24 /* apiKeys.m in Sources */ = {isa = PBXBuildFile; fileRef = 6F9E37E3186A30FF00F17A24 /* apiKeys.m */; };
		6FA470EE16150C2F00C0CAD6 /* VariationDisplayTableViewController.m in Sources */ = {isa = PBXBuildFile; fileRef = 6FA470ED16150C2F00C0CAD6 /* VariationDisplayTableViewController.m */; };
		6FACB7BC178895D700D7598B /* QueryHistoryViewController.xib in Resources */ = {isa = PBXBuildFile; fileRef = 6FACB7BB178895D700D7598B /* QueryHistoryViewController.xib */; };
		6FACB7BF1788A8D900D7598B /* TextBoxCell.m in Sources */ = {isa = PBXBuildFile; fileRef = 6FACB7BE1788A8D900D7598B /* TextBoxCell.m */; };
		6FACB7C11788A8F000D7598B /* TextBoxCell.xib in Resources */ = {isa = PBXBuildFile; fileRef = 6FACB7C01788A8F000D7598B /* TextBoxCell.xib */; };
		6FBD3C61186F858C001BF0FE /* GoogleMaps.framework in Frameworks */ = {isa = PBXBuildFile; fileRef = 6FBD3C60186F858C001BF0FE /* GoogleMaps.framework */; };
		6FBD3C63186F863C001BF0FE /* libc++.dylib in Frameworks */ = {isa = PBXBuildFile; fileRef = 6FBD3C62186F863C001BF0FE /* libc++.dylib */; };
		6FBF8BCF1597CD07009C9AA9 /* MSSuggestionBox.m in Sources */ = {isa = PBXBuildFile; fileRef = 6FBF8BCE1597CD07009C9AA9 /* MSSuggestionBox.m */; };
		6FBFCFDB17D50C9100C05C1F /* TBXML+Compression.m in Sources */ = {isa = PBXBuildFile; fileRef = 6FBFCFD817D50C9100C05C1F /* TBXML+Compression.m */; };
		6FBFCFDC17D50C9100C05C1F /* TBXML+HTTP.m in Sources */ = {isa = PBXBuildFile; fileRef = 6FBFCFD917D50C9100C05C1F /* TBXML+HTTP.m */; };
		6FBFCFDD17D50C9100C05C1F /* TBXML.m in Sources */ = {isa = PBXBuildFile; fileRef = 6FBFCFDA17D50C9100C05C1F /* TBXML.m */; };
		6FC73FF0186D45CE002BA1B1 /* GTFSParser.m in Sources */ = {isa = PBXBuildFile; fileRef = 6FC73FEF186D45CE002BA1B1 /* GTFSParser.m */; };
		6FC73FF5186D4A9E002BA1B1 /* CSVParser.m in Sources */ = {isa = PBXBuildFile; fileRef = 6FC73FF4186D4A9E002BA1B1 /* CSVParser.m */; };
		6FCB386F15ED973100FC4557 /* AnimationInstructionSheet.m in Sources */ = {isa = PBXBuildFile; fileRef = 6FCB386E15ED973100FC4557 /* AnimationInstructionSheet.m */; };
		6FD5E7E716D6F51F00896532 /* MSTextField.m in Sources */ = {isa = PBXBuildFile; fileRef = 6FD5E7E616D6F51F00896532 /* MSTextField.m */; };
		6FD5E7F316D6FF5600896532 /* GoogleMaps.bundle in Resources */ = {isa = PBXBuildFile; fileRef = 6FD5E7F216D6FF5500896532 /* GoogleMaps.bundle */; };
		6FD5E7F516D6FFAB00896532 /* AVFoundation.framework in Frameworks */ = {isa = PBXBuildFile; fileRef = 6FD5E7F416D6FFAB00896532 /* AVFoundation.framework */; };
		6FD5E7F716D6FFB400896532 /* CoreData.framework in Frameworks */ = {isa = PBXBuildFile; fileRef = 6FD5E7F616D6FFB400896532 /* CoreData.framework */; };
		6FD5E7F916D6FFC000896532 /* CoreLocation.framework in Frameworks */ = {isa = PBXBuildFile; fileRef = 6FD5E7F816D6FFC000896532 /* CoreLocation.framework */; };
		6FD5E7FB16D6FFCC00896532 /* CoreText.framework in Frameworks */ = {isa = PBXBuildFile; fileRef = 6FD5E7FA16D6FFCC00896532 /* CoreText.framework */; };
		6FD5E7FD16D6FFD500896532 /* GLKit.framework in Frameworks */ = {isa = PBXBuildFile; fileRef = 6FD5E7FC16D6FFD500896532 /* GLKit.framework */; settings = {ATTRIBUTES = (Required, ); }; };
		6FD5E7FF16D6FFDF00896532 /* ImageIO.framework in Frameworks */ = {isa = PBXBuildFile; fileRef = 6FD5E7FE16D6FFDF00896532 /* ImageIO.framework */; };
		6FD5E80116D6FFF400896532 /* libicucore.dylib in Frameworks */ = {isa = PBXBuildFile; fileRef = 6FD5E80016D6FFF400896532 /* libicucore.dylib */; };
		6FD5E80316D7000100896532 /* libstdc++.dylib in Frameworks */ = {isa = PBXBuildFile; fileRef = 6FD5E80216D7000100896532 /* libstdc++.dylib */; };
		6FD5E80516D7000D00896532 /* libz.dylib in Frameworks */ = {isa = PBXBuildFile; fileRef = 6FD5E80416D7000D00896532 /* libz.dylib */; };
		6FD5E80716D7001800896532 /* OpenGLES.framework in Frameworks */ = {isa = PBXBuildFile; fileRef = 6FD5E80616D7001800896532 /* OpenGLES.framework */; };
		6FD5E80916D7002700896532 /* QuartzCore.framework in Frameworks */ = {isa = PBXBuildFile; fileRef = 6FD5E80816D7002700896532 /* QuartzCore.framework */; };
		6FD5E81216D71D1900896532 /* TripHistoryViewController.m in Sources */ = {isa = PBXBuildFile; fileRef = 6FD5E81016D71D1900896532 /* TripHistoryViewController.m */; };
		6FD5E81316D71D1900896532 /* TripHistoryViewController.xib in Resources */ = {isa = PBXBuildFile; fileRef = 6FD5E81116D71D1900896532 /* TripHistoryViewController.xib */; };
		6FDA2860154E07720093EF2E /* NavigoResults_iPhone.xib in Resources */ = {isa = PBXBuildFile; fileRef = 6FDA285F154E07720093EF2E /* NavigoResults_iPhone.xib */; };
		6FDC79DC187A50FA007462CA /* MSLocationButton.m in Sources */ = {isa = PBXBuildFile; fileRef = 6FDC79DB187A50FA007462CA /* MSLocationButton.m */; };
		6FDEA9761587955F00D363EC /* DejalActivityView.m in Sources */ = {isa = PBXBuildFile; fileRef = 6FDEA9751587955F00D363EC /* DejalActivityView.m */; };
		6FE5988B17B8119600928D3B /* Changelog in Resources */ = {isa = PBXBuildFile; fileRef = 6FE5988A17B8119600928D3B /* Changelog */; };
		6FE6D00517EFB200006B3ADF /* cell_separator.png in Resources */ = {isa = PBXBuildFile; fileRef = 6FE6D00417EFB200006B3ADF /* cell_separator.png */; };
		6FE6D00717EFB210006B3ADF /* separator.png in Resources */ = {isa = PBXBuildFile; fileRef = 6FE6D00617EFB210006B3ADF /* separator.png */; };
		6FEA7B9D152D53BD0026469A /* NavigoView_iPhone.xib in Resources */ = {isa = PBXBuildFile; fileRef = 6FEA7B9C152D53BD0026469A /* NavigoView_iPhone.xib */; };
		6FF56FA4158BC49000CC015C /* VariationTableViewCell.m in Sources */ = {isa = PBXBuildFile; fileRef = 6FF56FA3158BC49000CC015C /* VariationTableViewCell.m */; };
		6FF56FA8158BC4C500CC015C /* VariationTableViewCell.xib in Resources */ = {isa = PBXBuildFile; fileRef = 6FF56FA7158BC4C500CC015C /* VariationTableViewCell.xib */; };
		6FF56FAF158C237A00CC015C /* VariationSelectorTableVew.m in Sources */ = {isa = PBXBuildFile; fileRef = 6FF56FAE158C237A00CC015C /* VariationSelectorTableVew.m */; };
		6FF72BC21864EE440037A65D /* NavigoneViewController.m in Sources */ = {isa = PBXBuildFile; fileRef = 6FF72BC11864EE440037A65D /* NavigoneViewController.m */; };
		6FF72BC61865006A0037A65D /* MSTopBar.m in Sources */ = {isa = PBXBuildFile; fileRef = 6FF72BC51865006A0037A65D /* MSTopBar.m */; };
		6FF72BCA186509AA0037A65D /* MSInfoBox.m in Sources */ = {isa = PBXBuildFile; fileRef = 6FF72BC9186509AA0037A65D /* MSInfoBox.m */; };
		6FF7AC9216B7327200567861 /* QueryHistoryViewController.m in Sources */ = {isa = PBXBuildFile; fileRef = 6FF7AC9016B7327200567861 /* QueryHistoryViewController.m */; };
		6FF7AC9316B7327200567861 /* SavedRouteView.xib in Resources */ = {isa = PBXBuildFile; fileRef = 6FF7AC9116B7327200567861 /* SavedRouteView.xib */; };
		6FFF1BCD17681A9F00BF892F /* MSSuggestions.m in Sources */ = {isa = PBXBuildFile; fileRef = 6FFF1BCC17681A9F00BF892F /* MSSuggestions.m */; };
/* End PBXBuildFile section */

/* Begin PBXContainerItemProxy section */
		4316808515013E4200A41785 /* PBXContainerItemProxy */ = {
			isa = PBXContainerItemProxy;
			containerPortal = 4316804815013E4100A41785 /* Project object */;
			proxyType = 1;
			remoteGlobalIDString = 4316805015013E4100A41785;
			remoteInfo = "Winnipeg Transit";
		};
/* End PBXContainerItemProxy section */

/* Begin PBXFileReference section */
		430505A115177FAE00C08BC7 /* MSUtilities.h */ = {isa = PBXFileReference; fileEncoding = 4; lastKnownFileType = sourcecode.c.h; path = MSUtilities.h; sourceTree = "<group>"; };
		430505A215177FAE00C08BC7 /* MSUtilities.m */ = {isa = PBXFileReference; fileEncoding = 4; lastKnownFileType = sourcecode.c.objc; path = MSUtilities.m; sourceTree = "<group>"; };
		4316805115013E4100A41785 /* Winnipeg Transit.app */ = {isa = PBXFileReference; explicitFileType = wrapper.application; includeInIndex = 0; path = "Winnipeg Transit.app"; sourceTree = BUILT_PRODUCTS_DIR; };
		4316805515013E4100A41785 /* UIKit.framework */ = {isa = PBXFileReference; lastKnownFileType = wrapper.framework; name = UIKit.framework; path = System/Library/Frameworks/UIKit.framework; sourceTree = SDKROOT; };
		4316805715013E4100A41785 /* Foundation.framework */ = {isa = PBXFileReference; lastKnownFileType = wrapper.framework; name = Foundation.framework; path = System/Library/Frameworks/Foundation.framework; sourceTree = SDKROOT; };
		4316805915013E4100A41785 /* CoreGraphics.framework */ = {isa = PBXFileReference; lastKnownFileType = wrapper.framework; name = CoreGraphics.framework; path = System/Library/Frameworks/CoreGraphics.framework; sourceTree = SDKROOT; };
		4316805D15013E4100A41785 /* Winnipeg Transit-Info.plist */ = {isa = PBXFileReference; lastKnownFileType = text.plist.xml; path = "Winnipeg Transit-Info.plist"; sourceTree = "<group>"; };
		4316805F15013E4100A41785 /* en */ = {isa = PBXFileReference; lastKnownFileType = text.plist.strings; name = en; path = en.lproj/InfoPlist.strings; sourceTree = "<group>"; };
		4316806115013E4100A41785 /* main.m */ = {isa = PBXFileReference; lastKnownFileType = sourcecode.c.objc; path = main.m; sourceTree = "<group>"; };
		4316806315013E4100A41785 /* Winnipeg Transit-Prefix.pch */ = {isa = PBXFileReference; lastKnownFileType = sourcecode.c.h; path = "Winnipeg Transit-Prefix.pch"; sourceTree = "<group>"; };
		4316806415013E4100A41785 /* AppDelegate.h */ = {isa = PBXFileReference; lastKnownFileType = sourcecode.c.h; path = AppDelegate.h; sourceTree = "<group>"; };
		4316806515013E4100A41785 /* AppDelegate.m */ = {isa = PBXFileReference; lastKnownFileType = sourcecode.c.objc; path = AppDelegate.m; sourceTree = "<group>"; };
		4316808015013E4200A41785 /* Winnipeg TransitTests.octest */ = {isa = PBXFileReference; explicitFileType = wrapper.cfbundle; includeInIndex = 0; path = "Winnipeg TransitTests.octest"; sourceTree = BUILT_PRODUCTS_DIR; };
		4316808115013E4200A41785 /* SenTestingKit.framework */ = {isa = PBXFileReference; lastKnownFileType = wrapper.framework; name = SenTestingKit.framework; path = Library/Frameworks/SenTestingKit.framework; sourceTree = DEVELOPER_DIR; };
		4316808915013E4200A41785 /* Winnipeg TransitTests-Info.plist */ = {isa = PBXFileReference; lastKnownFileType = text.plist.xml; path = "Winnipeg TransitTests-Info.plist"; sourceTree = "<group>"; };
		4316808B15013E4200A41785 /* en */ = {isa = PBXFileReference; lastKnownFileType = text.plist.strings; name = en; path = en.lproj/InfoPlist.strings; sourceTree = "<group>"; };
		4316808D15013E4200A41785 /* Winnipeg_TransitTests.h */ = {isa = PBXFileReference; lastKnownFileType = sourcecode.c.h; path = Winnipeg_TransitTests.h; sourceTree = "<group>"; };
		4316808E15013E4200A41785 /* Winnipeg_TransitTests.m */ = {isa = PBXFileReference; lastKnownFileType = sourcecode.c.objc; path = Winnipeg_TransitTests.m; sourceTree = "<group>"; };
		4316809815013F6900A41785 /* navigoViewController.h */ = {isa = PBXFileReference; fileEncoding = 4; lastKnownFileType = sourcecode.c.h; path = navigoViewController.h; sourceTree = "<group>"; };
		4316809915013F6900A41785 /* navigoViewController.m */ = {isa = PBXFileReference; fileEncoding = 4; lastKnownFileType = sourcecode.c.objc; path = navigoViewController.m; sourceTree = "<group>"; };
		4316809B15013F8300A41785 /* timetableViewController.h */ = {isa = PBXFileReference; fileEncoding = 4; lastKnownFileType = sourcecode.c.h; path = timetableViewController.h; sourceTree = "<group>"; };
		4316809C15013F8300A41785 /* timetableViewController.m */ = {isa = PBXFileReference; fileEncoding = 4; lastKnownFileType = sourcecode.c.objc; path = timetableViewController.m; sourceTree = "<group>"; };
		4316809E15013FA400A41785 /* stopscheduleViewController.h */ = {isa = PBXFileReference; fileEncoding = 4; lastKnownFileType = sourcecode.c.h; path = stopscheduleViewController.h; sourceTree = "<group>"; };
		4316809F15013FA400A41785 /* stopscheduleViewController.m */ = {isa = PBXFileReference; fileEncoding = 4; lastKnownFileType = sourcecode.c.objc; path = stopscheduleViewController.m; sourceTree = "<group>"; };
		4342D4521582611600A4A558 /* MSTableViewCell.h */ = {isa = PBXFileReference; fileEncoding = 4; lastKnownFileType = sourcecode.c.h; path = MSTableViewCell.h; sourceTree = "<group>"; };
		4342D4531582611600A4A558 /* MSTableViewCell.m */ = {isa = PBXFileReference; fileEncoding = 4; lastKnownFileType = sourcecode.c.objc; path = MSTableViewCell.m; sourceTree = "<group>"; };
		4342D4561582627E00A4A558 /* MSTableViewCell.xib */ = {isa = PBXFileReference; fileEncoding = 4; lastKnownFileType = file.xib; name = MSTableViewCell.xib; path = ../MSTableViewCell.xib; sourceTree = "<group>"; };
		435617DD151266050022F903 /* UniversalViewController.h */ = {isa = PBXFileReference; fileEncoding = 4; lastKnownFileType = sourcecode.c.h; path = UniversalViewController.h; sourceTree = "<group>"; };
		435617DE151266050022F903 /* UniversalViewController.m */ = {isa = PBXFileReference; fileEncoding = 4; lastKnownFileType = sourcecode.c.objc; path = UniversalViewController.m; sourceTree = "<group>"; };
		6F0A254417EF770100D9F0A6 /* Appirater.h */ = {isa = PBXFileReference; fileEncoding = 4; lastKnownFileType = sourcecode.c.h; path = Appirater.h; sourceTree = "<group>"; };
		6F0A254517EF770100D9F0A6 /* Appirater.m */ = {isa = PBXFileReference; fileEncoding = 4; lastKnownFileType = sourcecode.c.objc; path = Appirater.m; sourceTree = "<group>"; };
		6F0A254617EF770100D9F0A6 /* Appirater.podspec */ = {isa = PBXFileReference; fileEncoding = 4; lastKnownFileType = text; path = Appirater.podspec; sourceTree = "<group>"; };
		6F0A254717EF770100D9F0A6 /* AppiraterDelegate.h */ = {isa = PBXFileReference; fileEncoding = 4; lastKnownFileType = sourcecode.c.h; path = AppiraterDelegate.h; sourceTree = "<group>"; };
		6F0A254917EF770100D9F0A6 /* ca */ = {isa = PBXFileReference; lastKnownFileType = text.plist.strings; name = ca; path = ca.lproj/AppiraterLocalizable.strings; sourceTree = "<group>"; };
		6F0A254A17EF770100D9F0A6 /* cs */ = {isa = PBXFileReference; lastKnownFileType = text.plist.strings; name = cs; path = cs.lproj/AppiraterLocalizable.strings; sourceTree = "<group>"; };
		6F0A254B17EF770100D9F0A6 /* da */ = {isa = PBXFileReference; lastKnownFileType = text.plist.strings; name = da; path = da.lproj/AppiraterLocalizable.strings; sourceTree = "<group>"; };
		6F0A254C17EF770100D9F0A6 /* de */ = {isa = PBXFileReference; lastKnownFileType = text.plist.strings; name = de; path = de.lproj/AppiraterLocalizable.strings; sourceTree = "<group>"; };
		6F0A254D17EF770100D9F0A6 /* el */ = {isa = PBXFileReference; lastKnownFileType = text.plist.strings; name = el; path = el.lproj/AppiraterLocalizable.strings; sourceTree = "<group>"; };
		6F0A254E17EF770100D9F0A6 /* en */ = {isa = PBXFileReference; lastKnownFileType = text.plist.strings; name = en; path = en.lproj/AppiraterLocalizable.strings; sourceTree = "<group>"; };
		6F0A254F17EF770100D9F0A6 /* es */ = {isa = PBXFileReference; lastKnownFileType = text.plist.strings; name = es; path = es.lproj/AppiraterLocalizable.strings; sourceTree = "<group>"; };
		6F0A255017EF770100D9F0A6 /* fi */ = {isa = PBXFileReference; lastKnownFileType = text.plist.strings; name = fi; path = fi.lproj/AppiraterLocalizable.strings; sourceTree = "<group>"; };
		6F0A255117EF770100D9F0A6 /* fr */ = {isa = PBXFileReference; lastKnownFileType = text.plist.strings; name = fr; path = fr.lproj/AppiraterLocalizable.strings; sourceTree = "<group>"; };
		6F0A255217EF770100D9F0A6 /* he */ = {isa = PBXFileReference; lastKnownFileType = text.plist.strings; name = he; path = he.lproj/AppiraterLocalizable.strings; sourceTree = "<group>"; };
		6F0A255317EF770100D9F0A6 /* hu */ = {isa = PBXFileReference; lastKnownFileType = text.plist.strings; name = hu; path = hu.lproj/AppiraterLocalizable.strings; sourceTree = "<group>"; };
		6F0A255417EF770100D9F0A6 /* id */ = {isa = PBXFileReference; lastKnownFileType = text.plist.strings; name = id; path = id.lproj/AppiraterLocalizable.strings; sourceTree = "<group>"; };
		6F0A255517EF770100D9F0A6 /* it */ = {isa = PBXFileReference; lastKnownFileType = text.plist.strings; name = it; path = it.lproj/AppiraterLocalizable.strings; sourceTree = "<group>"; };
		6F0A255617EF770100D9F0A6 /* ja */ = {isa = PBXFileReference; lastKnownFileType = text.plist.strings; name = ja; path = ja.lproj/AppiraterLocalizable.strings; sourceTree = "<group>"; };
		6F0A255717EF770100D9F0A6 /* ko */ = {isa = PBXFileReference; lastKnownFileType = text.plist.strings; name = ko; path = ko.lproj/AppiraterLocalizable.strings; sourceTree = "<group>"; };
		6F0A255817EF770100D9F0A6 /* nb */ = {isa = PBXFileReference; lastKnownFileType = text.plist.strings; name = nb; path = nb.lproj/AppiraterLocalizable.strings; sourceTree = "<group>"; };
		6F0A255917EF770100D9F0A6 /* nl */ = {isa = PBXFileReference; lastKnownFileType = text.plist.strings; name = nl; path = nl.lproj/AppiraterLocalizable.strings; sourceTree = "<group>"; };
		6F0A255A17EF770100D9F0A6 /* pl */ = {isa = PBXFileReference; lastKnownFileType = text.plist.strings; name = pl; path = pl.lproj/AppiraterLocalizable.strings; sourceTree = "<group>"; };
		6F0A255B17EF770100D9F0A6 /* pt */ = {isa = PBXFileReference; lastKnownFileType = text.plist.strings; name = pt; path = pt.lproj/AppiraterLocalizable.strings; sourceTree = "<group>"; };
		6F0A255C17EF770100D9F0A6 /* README.md */ = {isa = PBXFileReference; fileEncoding = 4; lastKnownFileType = text; path = README.md; sourceTree = "<group>"; };
		6F0A255D17EF770100D9F0A6 /* ro */ = {isa = PBXFileReference; lastKnownFileType = text.plist.strings; name = ro; path = ro.lproj/AppiraterLocalizable.strings; sourceTree = "<group>"; };
		6F0A255E17EF770100D9F0A6 /* ru */ = {isa = PBXFileReference; lastKnownFileType = text.plist.strings; name = ru; path = ru.lproj/AppiraterLocalizable.strings; sourceTree = "<group>"; };
		6F0A255F17EF770100D9F0A6 /* sk */ = {isa = PBXFileReference; lastKnownFileType = text.plist.strings; name = sk; path = sk.lproj/AppiraterLocalizable.strings; sourceTree = "<group>"; };
		6F0A256017EF770100D9F0A6 /* sv */ = {isa = PBXFileReference; lastKnownFileType = text.plist.strings; name = sv; path = sv.lproj/AppiraterLocalizable.strings; sourceTree = "<group>"; };
		6F0A256117EF770100D9F0A6 /* tr */ = {isa = PBXFileReference; lastKnownFileType = text.plist.strings; name = tr; path = tr.lproj/AppiraterLocalizable.strings; sourceTree = "<group>"; };
		6F0A256217EF770100D9F0A6 /* zh-Hans */ = {isa = PBXFileReference; lastKnownFileType = text.plist.strings; name = "zh-Hans"; path = "zh-Hans.lproj/AppiraterLocalizable.strings"; sourceTree = "<group>"; };
		6F0A256317EF770100D9F0A6 /* zh-Hant */ = {isa = PBXFileReference; lastKnownFileType = text.plist.strings; name = "zh-Hant"; path = "zh-Hant.lproj/AppiraterLocalizable.strings"; sourceTree = "<group>"; };
		6F0A256917EF77A100D9F0A6 /* StoreKit.framework */ = {isa = PBXFileReference; lastKnownFileType = wrapper.framework; name = StoreKit.framework; path = System/Library/Frameworks/StoreKit.framework; sourceTree = SDKROOT; };
		6F0FEAB41789CC30001965A3 /* CFNetwork.framework */ = {isa = PBXFileReference; lastKnownFileType = wrapper.framework; name = CFNetwork.framework; path = System/Library/Frameworks/CFNetwork.framework; sourceTree = SDKROOT; };
		6F1AA6391776A41000713207 /* agency.txt */ = {isa = PBXFileReference; fileEncoding = 4; lastKnownFileType = text; path = agency.txt; sourceTree = "<group>"; };
		6F1AA63A1776A41000713207 /* calendar.txt */ = {isa = PBXFileReference; fileEncoding = 4; lastKnownFileType = text; path = calendar.txt; sourceTree = "<group>"; };
		6F1AA63B1776A41000713207 /* calendar_dates.txt */ = {isa = PBXFileReference; fileEncoding = 4; lastKnownFileType = text; path = calendar_dates.txt; sourceTree = "<group>"; };
		6F1AA63C1776A41000713207 /* fare_attributes.txt */ = {isa = PBXFileReference; fileEncoding = 4; lastKnownFileType = text; path = fare_attributes.txt; sourceTree = "<group>"; };
		6F1AA63D1776A41000713207 /* fare_rules.txt */ = {isa = PBXFileReference; fileEncoding = 4; lastKnownFileType = text; path = fare_rules.txt; sourceTree = "<group>"; };
		6F1AA63E1776A41000713207 /* LICENCE */ = {isa = PBXFileReference; fileEncoding = 4; lastKnownFileType = text; path = LICENCE; sourceTree = "<group>"; };
		6F1AA63F1776A41000713207 /* routes.txt */ = {isa = PBXFileReference; fileEncoding = 4; lastKnownFileType = text; path = routes.txt; sourceTree = "<group>"; };
		6F1AA6401776A41000713207 /* shapes.txt */ = {isa = PBXFileReference; fileEncoding = 4; lastKnownFileType = text; path = shapes.txt; sourceTree = "<group>"; };
		6F1AA6411776A41000713207 /* stop_times.txt */ = {isa = PBXFileReference; fileEncoding = 4; lastKnownFileType = text; path = stop_times.txt; sourceTree = "<group>"; };
		6F1AA6421776A41000713207 /* stops.txt */ = {isa = PBXFileReference; fileEncoding = 4; lastKnownFileType = text; path = stops.txt; sourceTree = "<group>"; };
		6F1AA6431776A41000713207 /* trips.txt */ = {isa = PBXFileReference; fileEncoding = 4; lastKnownFileType = text; path = trips.txt; sourceTree = "<group>"; };
		6F1AA6591776AB6600713207 /* MSStep.h */ = {isa = PBXFileReference; fileEncoding = 4; lastKnownFileType = sourcecode.c.h; path = MSStep.h; sourceTree = "<group>"; };
		6F1AA65A1776AB6600713207 /* MSStep.m */ = {isa = PBXFileReference; fileEncoding = 4; lastKnownFileType = sourcecode.c.objc; path = MSStep.m; sourceTree = "<group>"; };
		6F1AA65C1776AB7700713207 /* MSMovingStep.h */ = {isa = PBXFileReference; fileEncoding = 4; lastKnownFileType = sourcecode.c.h; path = MSMovingStep.h; sourceTree = "<group>"; };
		6F1AA65D1776AB7700713207 /* MSMovingStep.m */ = {isa = PBXFileReference; fileEncoding = 4; lastKnownFileType = sourcecode.c.objc; path = MSMovingStep.m; sourceTree = "<group>"; };
		6F1AA65F1776AB9700713207 /* MSLocationStep.h */ = {isa = PBXFileReference; fileEncoding = 4; lastKnownFileType = sourcecode.c.h; path = MSLocationStep.h; sourceTree = "<group>"; };
		6F1AA6601776AB9700713207 /* MSLocationStep.m */ = {isa = PBXFileReference; fileEncoding = 4; lastKnownFileType = sourcecode.c.objc; path = MSLocationStep.m; sourceTree = "<group>"; };
		6F24050A16DEC9CE00444E18 /* MSQuery.h */ = {isa = PBXFileReference; fileEncoding = 4; lastKnownFileType = sourcecode.c.h; path = MSQuery.h; sourceTree = "<group>"; };
		6F24050B16DEC9CE00444E18 /* MSQuery.m */ = {isa = PBXFileReference; fileEncoding = 4; lastKnownFileType = sourcecode.c.objc; path = MSQuery.m; sourceTree = "<group>"; };
		6F24051116DF105C00444E18 /* MSLocation.h */ = {isa = PBXFileReference; fileEncoding = 4; lastKnownFileType = sourcecode.c.h; path = MSLocation.h; sourceTree = "<group>"; };
		6F24051216DF105C00444E18 /* MSLocation.m */ = {isa = PBXFileReference; fileEncoding = 4; lastKnownFileType = sourcecode.c.objc; path = MSLocation.m; sourceTree = "<group>"; };
		6F24051416DF106700444E18 /* MSAddress.h */ = {isa = PBXFileReference; fileEncoding = 4; lastKnownFileType = sourcecode.c.h; path = MSAddress.h; sourceTree = "<group>"; };
		6F24051716DF107500444E18 /* MSStop.h */ = {isa = PBXFileReference; fileEncoding = 4; lastKnownFileType = sourcecode.c.h; path = MSStop.h; sourceTree = "<group>"; };
		6F24051816DF107500444E18 /* MSStop.m */ = {isa = PBXFileReference; fileEncoding = 4; lastKnownFileType = sourcecode.c.objc; path = MSStop.m; sourceTree = "<group>"; };
		6F24051A16DF107F00444E18 /* MSMonument.h */ = {isa = PBXFileReference; fileEncoding = 4; lastKnownFileType = sourcecode.c.h; path = MSMonument.h; sourceTree = "<group>"; };
		6F24051B16DF107F00444E18 /* MSMonument.m */ = {isa = PBXFileReference; fileEncoding = 4; lastKnownFileType = sourcecode.c.objc; path = MSMonument.m; sourceTree = "<group>"; };
		6F24051D16DF18AD00444E18 /* MSVariation.h */ = {isa = PBXFileReference; fileEncoding = 4; lastKnownFileType = sourcecode.c.h; path = MSVariation.h; sourceTree = "<group>"; };
		6F24051E16DF18AE00444E18 /* MSVariation.m */ = {isa = PBXFileReference; fileEncoding = 4; lastKnownFileType = sourcecode.c.objc; path = MSVariation.m; sourceTree = "<group>"; };
		6F24052016DF18BF00444E18 /* MSSegment.h */ = {isa = PBXFileReference; fileEncoding = 4; lastKnownFileType = sourcecode.c.h; path = MSSegment.h; sourceTree = "<group>"; };
		6F24052116DF18BF00444E18 /* MSSegment.m */ = {isa = PBXFileReference; fileEncoding = 4; lastKnownFileType = sourcecode.c.objc; path = MSSegment.m; sourceTree = "<group>"; };
		6F27EA8C16B8B09700444EEB /* MSRoute.h */ = {isa = PBXFileReference; fileEncoding = 4; lastKnownFileType = sourcecode.c.h; path = MSRoute.h; sourceTree = "<group>"; };
		6F27EA8D16B8B09700444EEB /* MSRoute.m */ = {isa = PBXFileReference; fileEncoding = 4; lastKnownFileType = sourcecode.c.objc; path = MSRoute.m; sourceTree = "<group>"; };
		6F36798E1708C62B008FA13D /* MSAddress.m */ = {isa = PBXFileReference; fileEncoding = 4; lastKnownFileType = sourcecode.c.objc; path = MSAddress.m; sourceTree = "<group>"; };
		6F378F0A1526869B00FCA44D /* Settings.bundle */ = {isa = PBXFileReference; lastKnownFileType = "wrapper.plug-in"; path = Settings.bundle; sourceTree = "<group>"; };
		6F3D82E7162B423600313642 /* SystemConfiguration.framework */ = {isa = PBXFileReference; lastKnownFileType = wrapper.framework; name = SystemConfiguration.framework; path = System/Library/Frameworks/SystemConfiguration.framework; sourceTree = SDKROOT; };
		6F519A081502F84200395F84 /* XMLParser.h */ = {isa = PBXFileReference; fileEncoding = 4; lastKnownFileType = sourcecode.c.h; path = XMLParser.h; sourceTree = "<group>"; };
		6F519A091502F84200395F84 /* XMLParser.m */ = {isa = PBXFileReference; fileEncoding = 4; lastKnownFileType = sourcecode.c.objc; path = XMLParser.m; sourceTree = "<group>"; };
		6F5802F5158817660031A17E /* MSSeparator.h */ = {isa = PBXFileReference; fileEncoding = 4; lastKnownFileType = sourcecode.c.h; path = MSSeparator.h; sourceTree = "<group>"; };
		6F5802F6158817660031A17E /* MSSeparator.m */ = {isa = PBXFileReference; fileEncoding = 4; lastKnownFileType = sourcecode.c.objc; path = MSSeparator.m; sourceTree = "<group>"; };
		6F5BD0A4166B190F0077B2EB /* SearchHistoryViewController.h */ = {isa = PBXFileReference; fileEncoding = 4; lastKnownFileType = sourcecode.c.h; path = SearchHistoryViewController.h; sourceTree = "<group>"; };
		6F5BD0A5166B190F0077B2EB /* SearchHistoryViewController.m */ = {isa = PBXFileReference; fileEncoding = 4; lastKnownFileType = sourcecode.c.objc; path = SearchHistoryViewController.m; sourceTree = "<group>"; };
		6F5BD0A8166B1DE40077B2EB /* SearchHistoryView.xib */ = {isa = PBXFileReference; fileEncoding = 4; lastKnownFileType = file.xib; path = SearchHistoryView.xib; sourceTree = "<group>"; };
		6F5E7C7B16ED5E08009F9DE3 /* MSIntersection.h */ = {isa = PBXFileReference; fileEncoding = 4; lastKnownFileType = sourcecode.c.h; path = MSIntersection.h; sourceTree = "<group>"; };
		6F5E7C7C16ED5E08009F9DE3 /* MSIntersection.m */ = {isa = PBXFileReference; fileEncoding = 4; lastKnownFileType = sourcecode.c.objc; path = MSIntersection.m; sourceTree = "<group>"; };
		6F60B8671526AB0200FFCD99 /* Icon@2x.png */ = {isa = PBXFileReference; lastKnownFileType = image.png; path = "Icon@2x.png"; sourceTree = "<group>"; };
		6F60B8691526AB0C00FFCD99 /* Icon.png */ = {isa = PBXFileReference; lastKnownFileType = image.png; path = Icon.png; sourceTree = "<group>"; };
		6F60B86B1526AB6B00FFCD99 /* Icon-72.png */ = {isa = PBXFileReference; lastKnownFileType = image.png; path = "Icon-72.png"; sourceTree = "<group>"; };
		6F60B86E1526B0AE00FFCD99 /* navigoResultViewController.h */ = {isa = PBXFileReference; fileEncoding = 4; lastKnownFileType = sourcecode.c.h; path = navigoResultViewController.h; sourceTree = "<group>"; };
		6F60B86F1526B0AE00FFCD99 /* navigoResultViewController.m */ = {isa = PBXFileReference; fileEncoding = 4; lastKnownFileType = sourcecode.c.objc; path = navigoResultViewController.m; sourceTree = "<group>"; };
		6F643F871875DBEF00C27C26 /* MSSuggestionBoxCell.h */ = {isa = PBXFileReference; fileEncoding = 4; lastKnownFileType = sourcecode.c.h; name = MSSuggestionBoxCell.h; path = TableViewCells/MSSuggestionBoxCell.h; sourceTree = "<group>"; };
		6F643F881875DBEF00C27C26 /* MSSuggestionBoxCell.m */ = {isa = PBXFileReference; fileEncoding = 4; lastKnownFileType = sourcecode.c.objc; name = MSSuggestionBoxCell.m; path = TableViewCells/MSSuggestionBoxCell.m; sourceTree = "<group>"; };
		6F6AD88A1513E5B300E69E97 /* navigoViewLibrary.h */ = {isa = PBXFileReference; fileEncoding = 4; lastKnownFileType = sourcecode.c.h; path = navigoViewLibrary.h; sourceTree = "<group>"; };
		6F6AD88B1513E5B300E69E97 /* navigoViewLibrary.m */ = {isa = PBXFileReference; fileEncoding = 4; lastKnownFileType = sourcecode.c.objc; path = navigoViewLibrary.m; sourceTree = "<group>"; };
		6F7646A7159E9E6D008AEE88 /* MSExitBar.h */ = {isa = PBXFileReference; fileEncoding = 4; lastKnownFileType = sourcecode.c.h; path = MSExitBar.h; sourceTree = "<group>"; };
		6F7646A8159E9E6D008AEE88 /* MSExitBar.m */ = {isa = PBXFileReference; fileEncoding = 4; lastKnownFileType = sourcecode.c.objc; path = MSExitBar.m; sourceTree = "<group>"; };
		6F91DBA415BD03D1005B9B7A /* SubmitButton.h */ = {isa = PBXFileReference; fileEncoding = 4; lastKnownFileType = sourcecode.c.h; path = SubmitButton.h; sourceTree = "<group>"; };
		6F91DBA515BD03D1005B9B7A /* SubmitButton.m */ = {isa = PBXFileReference; fileEncoding = 4; lastKnownFileType = sourcecode.c.objc; path = SubmitButton.m; sourceTree = "<group>"; };
		6F9A386F16E5C1AD00D7C076 /* TripHistoryCell.h */ = {isa = PBXFileReference; fileEncoding = 4; lastKnownFileType = sourcecode.c.h; path = TripHistoryCell.h; sourceTree = "<group>"; };
		6F9A387016E5C1AD00D7C076 /* TripHistoryCell.m */ = {isa = PBXFileReference; fileEncoding = 4; lastKnownFileType = sourcecode.c.objc; path = TripHistoryCell.m; sourceTree = "<group>"; };
		6F9A387216E5C1C300D7C076 /* TripHistoryCell.xib */ = {isa = PBXFileReference; fileEncoding = 4; lastKnownFileType = file.xib; path = TripHistoryCell.xib; sourceTree = "<group>"; };
		6F9CB1F1164B5CE50059FA52 /* Default-568h@2x.png */ = {isa = PBXFileReference; lastKnownFileType = image.png; path = "Default-568h@2x.png"; sourceTree = "<group>"; };
		6F9E37E2186A30FF00F17A24 /* apiKeys.h */ = {isa = PBXFileReference; fileEncoding = 4; lastKnownFileType = sourcecode.c.h; path = apiKeys.h; sourceTree = "<group>"; };
		6F9E37E3186A30FF00F17A24 /* apiKeys.m */ = {isa = PBXFileReference; fileEncoding = 4; lastKnownFileType = sourcecode.c.objc; path = apiKeys.m; sourceTree = "<group>"; };
		6FA470EC16150C2F00C0CAD6 /* VariationDisplayTableViewController.h */ = {isa = PBXFileReference; fileEncoding = 4; lastKnownFileType = sourcecode.c.h; path = VariationDisplayTableViewController.h; sourceTree = "<group>"; };
		6FA470ED16150C2F00C0CAD6 /* VariationDisplayTableViewController.m */ = {isa = PBXFileReference; fileEncoding = 4; lastKnownFileType = sourcecode.c.objc; path = VariationDisplayTableViewController.m; sourceTree = "<group>"; };
		6FACB7BB178895D700D7598B /* QueryHistoryViewController.xib */ = {isa = PBXFileReference; fileEncoding = 4; lastKnownFileType = file.xib; path = QueryHistoryViewController.xib; sourceTree = "<group>"; };
		6FACB7BD1788A8D900D7598B /* TextBoxCell.h */ = {isa = PBXFileReference; fileEncoding = 4; lastKnownFileType = sourcecode.c.h; path = TextBoxCell.h; sourceTree = "<group>"; };
		6FACB7BE1788A8D900D7598B /* TextBoxCell.m */ = {isa = PBXFileReference; fileEncoding = 4; lastKnownFileType = sourcecode.c.objc; path = TextBoxCell.m; sourceTree = "<group>"; };
		6FACB7C01788A8F000D7598B /* TextBoxCell.xib */ = {isa = PBXFileReference; fileEncoding = 4; lastKnownFileType = file.xib; path = TextBoxCell.xib; sourceTree = "<group>"; };
		6FBD3C60186F858C001BF0FE /* GoogleMaps.framework */ = {isa = PBXFileReference; lastKnownFileType = wrapper.framework; path = GoogleMaps.framework; sourceTree = "<group>"; };
		6FBD3C62186F863C001BF0FE /* libc++.dylib */ = {isa = PBXFileReference; lastKnownFileType = "compiled.mach-o.dylib"; name = "libc++.dylib"; path = "usr/lib/libc++.dylib"; sourceTree = SDKROOT; };
		6FBF8BCD1597CD07009C9AA9 /* MSSuggestionBox.h */ = {isa = PBXFileReference; fileEncoding = 4; lastKnownFileType = sourcecode.c.h; name = MSSuggestionBox.h; path = "Winnipeg Transit/MSSuggestionBox.h"; sourceTree = "<group>"; };
		6FBF8BCE1597CD07009C9AA9 /* MSSuggestionBox.m */ = {isa = PBXFileReference; fileEncoding = 4; lastKnownFileType = sourcecode.c.objc; name = MSSuggestionBox.m; path = "Winnipeg Transit/MSSuggestionBox.m"; sourceTree = "<group>"; };
		6FBFCFD817D50C9100C05C1F /* TBXML+Compression.m */ = {isa = PBXFileReference; fileEncoding = 4; lastKnownFileType = sourcecode.c.objc; path = "TBXML+Compression.m"; sourceTree = "<group>"; };
		6FBFCFD917D50C9100C05C1F /* TBXML+HTTP.m */ = {isa = PBXFileReference; fileEncoding = 4; lastKnownFileType = sourcecode.c.objc; path = "TBXML+HTTP.m"; sourceTree = "<group>"; };
		6FBFCFDA17D50C9100C05C1F /* TBXML.m */ = {isa = PBXFileReference; fileEncoding = 4; lastKnownFileType = sourcecode.c.objc; path = TBXML.m; sourceTree = "<group>"; };
		6FBFCFE517D50CEC00C05C1F /* TBXML.h */ = {isa = PBXFileReference; fileEncoding = 4; lastKnownFileType = sourcecode.c.h; path = TBXML.h; sourceTree = "<group>"; };
		6FBFCFE617D50CEC00C05C1F /* TBXML+Compression.h */ = {isa = PBXFileReference; fileEncoding = 4; lastKnownFileType = sourcecode.c.h; path = "TBXML+Compression.h"; sourceTree = "<group>"; };
		6FBFCFE717D50CEC00C05C1F /* TBXML+HTTP.h */ = {isa = PBXFileReference; fileEncoding = 4; lastKnownFileType = sourcecode.c.h; path = "TBXML+HTTP.h"; sourceTree = "<group>"; };
		6FC73FEE186D45CE002BA1B1 /* GTFSParser.h */ = {isa = PBXFileReference; fileEncoding = 4; lastKnownFileType = sourcecode.c.h; name = GTFSParser.h; path = Parsers/GTFSParser.h; sourceTree = "<group>"; };
		6FC73FEF186D45CE002BA1B1 /* GTFSParser.m */ = {isa = PBXFileReference; fileEncoding = 4; lastKnownFileType = sourcecode.c.objc; name = GTFSParser.m; path = Parsers/GTFSParser.m; sourceTree = "<group>"; };
		6FC73FF3186D4A9E002BA1B1 /* CSVParser.h */ = {isa = PBXFileReference; fileEncoding = 4; lastKnownFileType = sourcecode.c.h; name = CSVParser.h; path = CSVParser/CSVParser.h; sourceTree = SOURCE_ROOT; };
		6FC73FF4186D4A9E002BA1B1 /* CSVParser.m */ = {isa = PBXFileReference; fileEncoding = 4; lastKnownFileType = sourcecode.c.objc; name = CSVParser.m; path = CSVParser/CSVParser.m; sourceTree = SOURCE_ROOT; };
		6FCB386D15ED973100FC4557 /* AnimationInstructionSheet.h */ = {isa = PBXFileReference; fileEncoding = 4; lastKnownFileType = sourcecode.c.h; path = AnimationInstructionSheet.h; sourceTree = "<group>"; };
		6FCB386E15ED973100FC4557 /* AnimationInstructionSheet.m */ = {isa = PBXFileReference; fileEncoding = 4; lastKnownFileType = sourcecode.c.objc; path = AnimationInstructionSheet.m; sourceTree = "<group>"; };
		6FD5E7E516D6F51F00896532 /* MSTextField.h */ = {isa = PBXFileReference; fileEncoding = 4; lastKnownFileType = sourcecode.c.h; path = MSTextField.h; sourceTree = "<group>"; };
		6FD5E7E616D6F51F00896532 /* MSTextField.m */ = {isa = PBXFileReference; fileEncoding = 4; lastKnownFileType = sourcecode.c.objc; path = MSTextField.m; sourceTree = "<group>"; };
		6FD5E7F016D6FEE600896532 /* GoogleMaps.framework */ = {isa = PBXFileReference; lastKnownFileType = wrapper.framework; path = GoogleMaps.framework; sourceTree = "<group>"; };
		6FD5E7F216D6FF5500896532 /* GoogleMaps.bundle */ = {isa = PBXFileReference; lastKnownFileType = "wrapper.plug-in"; name = GoogleMaps.bundle; path = GoogleMaps.framework/Versions/A/Resources/GoogleMaps.bundle; sourceTree = "<group>"; };
		6FD5E7F416D6FFAB00896532 /* AVFoundation.framework */ = {isa = PBXFileReference; lastKnownFileType = wrapper.framework; name = AVFoundation.framework; path = System/Library/Frameworks/AVFoundation.framework; sourceTree = SDKROOT; };
		6FD5E7F616D6FFB400896532 /* CoreData.framework */ = {isa = PBXFileReference; lastKnownFileType = wrapper.framework; name = CoreData.framework; path = System/Library/Frameworks/CoreData.framework; sourceTree = SDKROOT; };
		6FD5E7F816D6FFC000896532 /* CoreLocation.framework */ = {isa = PBXFileReference; lastKnownFileType = wrapper.framework; name = CoreLocation.framework; path = System/Library/Frameworks/CoreLocation.framework; sourceTree = SDKROOT; };
		6FD5E7FA16D6FFCC00896532 /* CoreText.framework */ = {isa = PBXFileReference; lastKnownFileType = wrapper.framework; name = CoreText.framework; path = System/Library/Frameworks/CoreText.framework; sourceTree = SDKROOT; };
		6FD5E7FC16D6FFD500896532 /* GLKit.framework */ = {isa = PBXFileReference; lastKnownFileType = wrapper.framework; name = GLKit.framework; path = System/Library/Frameworks/GLKit.framework; sourceTree = SDKROOT; };
		6FD5E7FE16D6FFDF00896532 /* ImageIO.framework */ = {isa = PBXFileReference; lastKnownFileType = wrapper.framework; name = ImageIO.framework; path = System/Library/Frameworks/ImageIO.framework; sourceTree = SDKROOT; };
		6FD5E80016D6FFF400896532 /* libicucore.dylib */ = {isa = PBXFileReference; lastKnownFileType = "compiled.mach-o.dylib"; name = libicucore.dylib; path = usr/lib/libicucore.dylib; sourceTree = SDKROOT; };
		6FD5E80216D7000100896532 /* libstdc++.dylib */ = {isa = PBXFileReference; lastKnownFileType = "compiled.mach-o.dylib"; name = "libstdc++.dylib"; path = "usr/lib/libstdc++.dylib"; sourceTree = SDKROOT; };
		6FD5E80416D7000D00896532 /* libz.dylib */ = {isa = PBXFileReference; lastKnownFileType = "compiled.mach-o.dylib"; name = libz.dylib; path = usr/lib/libz.dylib; sourceTree = SDKROOT; };
		6FD5E80616D7001800896532 /* OpenGLES.framework */ = {isa = PBXFileReference; lastKnownFileType = wrapper.framework; name = OpenGLES.framework; path = System/Library/Frameworks/OpenGLES.framework; sourceTree = SDKROOT; };
		6FD5E80816D7002700896532 /* QuartzCore.framework */ = {isa = PBXFileReference; lastKnownFileType = wrapper.framework; name = QuartzCore.framework; path = System/Library/Frameworks/QuartzCore.framework; sourceTree = SDKROOT; };
		6FD5E80F16D71D1900896532 /* TripHistoryViewController.h */ = {isa = PBXFileReference; fileEncoding = 4; lastKnownFileType = sourcecode.c.h; path = TripHistoryViewController.h; sourceTree = "<group>"; };
		6FD5E81016D71D1900896532 /* TripHistoryViewController.m */ = {isa = PBXFileReference; fileEncoding = 4; lastKnownFileType = sourcecode.c.objc; path = TripHistoryViewController.m; sourceTree = "<group>"; };
		6FD5E81116D71D1900896532 /* TripHistoryViewController.xib */ = {isa = PBXFileReference; fileEncoding = 4; lastKnownFileType = file.xib; path = TripHistoryViewController.xib; sourceTree = "<group>"; };
		6FDA285F154E07720093EF2E /* NavigoResults_iPhone.xib */ = {isa = PBXFileReference; fileEncoding = 4; lastKnownFileType = file.xib; path = NavigoResults_iPhone.xib; sourceTree = "<group>"; };
		6FDC79DA187A50FA007462CA /* MSLocationButton.h */ = {isa = PBXFileReference; fileEncoding = 4; lastKnownFileType = sourcecode.c.h; name = MSLocationButton.h; path = UIElements/MSLocationButton.h; sourceTree = "<group>"; };
		6FDC79DB187A50FA007462CA /* MSLocationButton.m */ = {isa = PBXFileReference; fileEncoding = 4; lastKnownFileType = sourcecode.c.objc; name = MSLocationButton.m; path = UIElements/MSLocationButton.m; sourceTree = "<group>"; };
		6FDEA9741587955F00D363EC /* DejalActivityView.h */ = {isa = PBXFileReference; fileEncoding = 4; lastKnownFileType = sourcecode.c.h; path = DejalActivityView.h; sourceTree = "<group>"; };
		6FDEA9751587955F00D363EC /* DejalActivityView.m */ = {isa = PBXFileReference; fileEncoding = 4; lastKnownFileType = sourcecode.c.objc; path = DejalActivityView.m; sourceTree = "<group>"; };
		6FE5988A17B8119600928D3B /* Changelog */ = {isa = PBXFileReference; fileEncoding = 4; lastKnownFileType = text; path = Changelog; sourceTree = "<group>"; };
		6FE6D00417EFB200006B3ADF /* cell_separator.png */ = {isa = PBXFileReference; lastKnownFileType = image.png; name = cell_separator.png; path = Images/cell_separator.png; sourceTree = "<group>"; };
		6FE6D00617EFB210006B3ADF /* separator.png */ = {isa = PBXFileReference; lastKnownFileType = image.png; name = separator.png; path = Images/separator.png; sourceTree = "<group>"; };
		6FEA7B9C152D53BD0026469A /* NavigoView_iPhone.xib */ = {isa = PBXFileReference; fileEncoding = 4; lastKnownFileType = file.xib; path = NavigoView_iPhone.xib; sourceTree = "<group>"; };
		6FF56FA2158BC49000CC015C /* VariationTableViewCell.h */ = {isa = PBXFileReference; fileEncoding = 4; lastKnownFileType = sourcecode.c.h; path = VariationTableViewCell.h; sourceTree = "<group>"; };
		6FF56FA3158BC49000CC015C /* VariationTableViewCell.m */ = {isa = PBXFileReference; fileEncoding = 4; lastKnownFileType = sourcecode.c.objc; path = VariationTableViewCell.m; sourceTree = "<group>"; };
		6FF56FA7158BC4C500CC015C /* VariationTableViewCell.xib */ = {isa = PBXFileReference; fileEncoding = 4; lastKnownFileType = file.xib; path = VariationTableViewCell.xib; sourceTree = "<group>"; };
		6FF56FAD158C237A00CC015C /* VariationSelectorTableVew.h */ = {isa = PBXFileReference; fileEncoding = 4; lastKnownFileType = sourcecode.c.h; path = VariationSelectorTableVew.h; sourceTree = "<group>"; };
		6FF56FAE158C237A00CC015C /* VariationSelectorTableVew.m */ = {isa = PBXFileReference; fileEncoding = 4; lastKnownFileType = sourcecode.c.objc; path = VariationSelectorTableVew.m; sourceTree = "<group>"; };
		6FF72BC01864EE440037A65D /* NavigoneViewController.h */ = {isa = PBXFileReference; fileEncoding = 4; lastKnownFileType = sourcecode.c.h; name = NavigoneViewController.h; path = ViewControllers/NavigoneViewController.h; sourceTree = "<group>"; };
		6FF72BC11864EE440037A65D /* NavigoneViewController.m */ = {isa = PBXFileReference; fileEncoding = 4; lastKnownFileType = sourcecode.c.objc; name = NavigoneViewController.m; path = ViewControllers/NavigoneViewController.m; sourceTree = "<group>"; };
		6FF72BC41865006A0037A65D /* MSTopBar.h */ = {isa = PBXFileReference; fileEncoding = 4; lastKnownFileType = sourcecode.c.h; name = MSTopBar.h; path = UIElements/MSTopBar.h; sourceTree = "<group>"; };
		6FF72BC51865006A0037A65D /* MSTopBar.m */ = {isa = PBXFileReference; fileEncoding = 4; lastKnownFileType = sourcecode.c.objc; name = MSTopBar.m; path = UIElements/MSTopBar.m; sourceTree = "<group>"; };
		6FF72BC8186509AA0037A65D /* MSInfoBox.h */ = {isa = PBXFileReference; fileEncoding = 4; lastKnownFileType = sourcecode.c.h; name = MSInfoBox.h; path = UIElements/MSInfoBox.h; sourceTree = "<group>"; };
		6FF72BC9186509AA0037A65D /* MSInfoBox.m */ = {isa = PBXFileReference; fileEncoding = 4; lastKnownFileType = sourcecode.c.objc; name = MSInfoBox.m; path = UIElements/MSInfoBox.m; sourceTree = "<group>"; };
		6FF7AC8F16B7327200567861 /* QueryHistoryViewController.h */ = {isa = PBXFileReference; fileEncoding = 4; lastKnownFileType = sourcecode.c.h; path = QueryHistoryViewController.h; sourceTree = "<group>"; };
		6FF7AC9016B7327200567861 /* QueryHistoryViewController.m */ = {isa = PBXFileReference; fileEncoding = 4; lastKnownFileType = sourcecode.c.objc; path = QueryHistoryViewController.m; sourceTree = "<group>"; };
		6FF7AC9116B7327200567861 /* SavedRouteView.xib */ = {isa = PBXFileReference; fileEncoding = 4; lastKnownFileType = file.xib; path = SavedRouteView.xib; sourceTree = "<group>"; };
		6FFF1BCB17681A9F00BF892F /* MSSuggestions.h */ = {isa = PBXFileReference; fileEncoding = 4; lastKnownFileType = sourcecode.c.h; path = MSSuggestions.h; sourceTree = "<group>"; };
		6FFF1BCC17681A9F00BF892F /* MSSuggestions.m */ = {isa = PBXFileReference; fileEncoding = 4; lastKnownFileType = sourcecode.c.objc; path = MSSuggestions.m; sourceTree = "<group>"; };
/* End PBXFileReference section */

/* Begin PBXFrameworksBuildPhase section */
		4316804E15013E4100A41785 /* Frameworks */ = {
			isa = PBXFrameworksBuildPhase;
			buildActionMask = 2147483647;
			files = (
				6FD5E7FF16D6FFDF00896532 /* ImageIO.framework in Frameworks */,
				6FBD3C63186F863C001BF0FE /* libc++.dylib in Frameworks */,
				6FBD3C61186F858C001BF0FE /* GoogleMaps.framework in Frameworks */,
				6F0A256A17EF77A100D9F0A6 /* StoreKit.framework in Frameworks */,
				6F0FEAB51789CC30001965A3 /* CFNetwork.framework in Frameworks */,
				6FD5E80916D7002700896532 /* QuartzCore.framework in Frameworks */,
				6FD5E80716D7001800896532 /* OpenGLES.framework in Frameworks */,
				6FD5E80516D7000D00896532 /* libz.dylib in Frameworks */,
				6FD5E80316D7000100896532 /* libstdc++.dylib in Frameworks */,
				6FD5E80116D6FFF400896532 /* libicucore.dylib in Frameworks */,
				6FD5E7FD16D6FFD500896532 /* GLKit.framework in Frameworks */,
				6FD5E7FB16D6FFCC00896532 /* CoreText.framework in Frameworks */,
				6FD5E7F916D6FFC000896532 /* CoreLocation.framework in Frameworks */,
				6FD5E7F716D6FFB400896532 /* CoreData.framework in Frameworks */,
				6FD5E7F516D6FFAB00896532 /* AVFoundation.framework in Frameworks */,
				6F3D82E8162B423600313642 /* SystemConfiguration.framework in Frameworks */,
				4316805615013E4100A41785 /* UIKit.framework in Frameworks */,
				4316805815013E4100A41785 /* Foundation.framework in Frameworks */,
				4316805A15013E4100A41785 /* CoreGraphics.framework in Frameworks */,
			);
			runOnlyForDeploymentPostprocessing = 0;
		};
		4316807C15013E4100A41785 /* Frameworks */ = {
			isa = PBXFrameworksBuildPhase;
			buildActionMask = 2147483647;
			files = (
				4316808215013E4200A41785 /* SenTestingKit.framework in Frameworks */,
				4316808315013E4200A41785 /* UIKit.framework in Frameworks */,
				4316808415013E4200A41785 /* Foundation.framework in Frameworks */,
			);
			runOnlyForDeploymentPostprocessing = 0;
		};
/* End PBXFrameworksBuildPhase section */

/* Begin PBXGroup section */
		4316804615013E4100A41785 = {
			isa = PBXGroup;
			children = (
				6F60B86D1526ACD100FFCD99 /* Icons */,
				4316805B15013E4100A41785 /* Winnipeg Transit */,
				6FBFCFD717D50C9100C05C1F /* TBXML */,
				4316808715013E4200A41785 /* Winnipeg TransitTests */,
				4316805415013E4100A41785 /* Frameworks */,
				4316805215013E4100A41785 /* Products */,
			);
			sourceTree = "<group>";
		};
		4316805215013E4100A41785 /* Products */ = {
			isa = PBXGroup;
			children = (
				4316805115013E4100A41785 /* Winnipeg Transit.app */,
				4316808015013E4200A41785 /* Winnipeg TransitTests.octest */,
			);
			name = Products;
			sourceTree = "<group>";
		};
		4316805415013E4100A41785 /* Frameworks */ = {
			isa = PBXGroup;
			children = (
				6FBD3C62186F863C001BF0FE /* libc++.dylib */,
				6F0A256917EF77A100D9F0A6 /* StoreKit.framework */,
				6F0FEAB41789CC30001965A3 /* CFNetwork.framework */,
				6FD5E80816D7002700896532 /* QuartzCore.framework */,
				6FD5E80616D7001800896532 /* OpenGLES.framework */,
				6FD5E80416D7000D00896532 /* libz.dylib */,
				6FD5E80216D7000100896532 /* libstdc++.dylib */,
				6FD5E80016D6FFF400896532 /* libicucore.dylib */,
				6FD5E7FE16D6FFDF00896532 /* ImageIO.framework */,
				6FD5E7FC16D6FFD500896532 /* GLKit.framework */,
				6FD5E7FA16D6FFCC00896532 /* CoreText.framework */,
				6FD5E7F816D6FFC000896532 /* CoreLocation.framework */,
				6FD5E7F616D6FFB400896532 /* CoreData.framework */,
				6FD5E7F416D6FFAB00896532 /* AVFoundation.framework */,
				6F9CB1F1164B5CE50059FA52 /* Default-568h@2x.png */,
				6F3D82E7162B423600313642 /* SystemConfiguration.framework */,
				6FD5E7F016D6FEE600896532 /* GoogleMaps.framework */,
				6FBD3C60186F858C001BF0FE /* GoogleMaps.framework */,
				6FD5E7F216D6FF5500896532 /* GoogleMaps.bundle */,
				4316805515013E4100A41785 /* UIKit.framework */,
				4316805715013E4100A41785 /* Foundation.framework */,
				4316805915013E4100A41785 /* CoreGraphics.framework */,
				4316808115013E4200A41785 /* SenTestingKit.framework */,
			);
			name = Frameworks;
			sourceTree = "<group>";
		};
		4316805B15013E4100A41785 /* Winnipeg Transit */ = {
			isa = PBXGroup;
			children = (
				6FF72BC7186500770037A65D /* UIElements */,
				6F27EA8A16B8AFEA00444EEB /* Structure Classes */,
				6F7646A5159E9D7D008AEE88 /* Custom UI Features */,
				6FF56FB0158C237F00CC015C /* Tableviews */,
				6FF56FA6158BC49C00CC015C /* Tableview Cells */,
				6FEA7B9A152D53750026469A /* NIB Files */,
				4316806415013E4100A41785 /* AppDelegate.h */,
				4316806515013E4100A41785 /* AppDelegate.m */,
				6FF72BC31864EE4B0037A65D /* ViewControllers */,
				4316809815013F6900A41785 /* navigoViewController.h */,
				4316809915013F6900A41785 /* navigoViewController.m */,
				6F60B86E1526B0AE00FFCD99 /* navigoResultViewController.h */,
				6F60B86F1526B0AE00FFCD99 /* navigoResultViewController.m */,
				4316809B15013F8300A41785 /* timetableViewController.h */,
				4316809C15013F8300A41785 /* timetableViewController.m */,
				4316809E15013FA400A41785 /* stopscheduleViewController.h */,
				4316809F15013FA400A41785 /* stopscheduleViewController.m */,
				435617DD151266050022F903 /* UniversalViewController.h */,
				435617DE151266050022F903 /* UniversalViewController.m */,
				6FC73FF1186D45D7002BA1B1 /* Parsers */,
				4316805C15013E4100A41785 /* Supporting Files */,
				6F6AD88A1513E5B300E69E97 /* navigoViewLibrary.h */,
				6F6AD88B1513E5B300E69E97 /* navigoViewLibrary.m */,
				430505A115177FAE00C08BC7 /* MSUtilities.h */,
				430505A215177FAE00C08BC7 /* MSUtilities.m */,
				6FDEA9741587955F00D363EC /* DejalActivityView.h */,
				6FDEA9751587955F00D363EC /* DejalActivityView.m */,
				6FE6D00817EFB21D006B3ADF /* Images */,
				6FC73FF2186D4A72002BA1B1 /* CSVParser */,
				6F0A254217EF770100D9F0A6 /* appirater */,
				6F1AA6381776A41000713207 /* google_transit */,
				6F378F0A1526869B00FCA44D /* Settings.bundle */,
				6FE5988A17B8119600928D3B /* Changelog */,
			);
			path = "Winnipeg Transit";
			sourceTree = "<group>";
		};
		4316805C15013E4100A41785 /* Supporting Files */ = {
			isa = PBXGroup;
			children = (
				4316805D15013E4100A41785 /* Winnipeg Transit-Info.plist */,
				4316805E15013E4100A41785 /* InfoPlist.strings */,
				4316806115013E4100A41785 /* main.m */,
				4316806315013E4100A41785 /* Winnipeg Transit-Prefix.pch */,
				6F9E37E2186A30FF00F17A24 /* apiKeys.h */,
				6F9E37E3186A30FF00F17A24 /* apiKeys.m */,
			);
			name = "Supporting Files";
			sourceTree = "<group>";
		};
		4316808715013E4200A41785 /* Winnipeg TransitTests */ = {
			isa = PBXGroup;
			children = (
				4316808D15013E4200A41785 /* Winnipeg_TransitTests.h */,
				4316808E15013E4200A41785 /* Winnipeg_TransitTests.m */,
				4316808815013E4200A41785 /* Supporting Files */,
			);
			path = "Winnipeg TransitTests";
			sourceTree = "<group>";
		};
		4316808815013E4200A41785 /* Supporting Files */ = {
			isa = PBXGroup;
			children = (
				4316808915013E4200A41785 /* Winnipeg TransitTests-Info.plist */,
				4316808A15013E4200A41785 /* InfoPlist.strings */,
			);
			name = "Supporting Files";
			sourceTree = "<group>";
		};
		6F0A254217EF770100D9F0A6 /* appirater */ = {
			isa = PBXGroup;
			children = (
				6F0A254417EF770100D9F0A6 /* Appirater.h */,
				6F0A254517EF770100D9F0A6 /* Appirater.m */,
				6F0A254617EF770100D9F0A6 /* Appirater.podspec */,
				6F0A254717EF770100D9F0A6 /* AppiraterDelegate.h */,
				6F0A254817EF770100D9F0A6 /* AppiraterLocalizable.strings */,
				6F0A255C17EF770100D9F0A6 /* README.md */,
			);
			path = appirater;
			sourceTree = SOURCE_ROOT;
		};
		6F1AA6381776A41000713207 /* google_transit */ = {
			isa = PBXGroup;
			children = (
				6F1AA6391776A41000713207 /* agency.txt */,
				6F1AA63A1776A41000713207 /* calendar.txt */,
				6F1AA63B1776A41000713207 /* calendar_dates.txt */,
				6F1AA63C1776A41000713207 /* fare_attributes.txt */,
				6F1AA63D1776A41000713207 /* fare_rules.txt */,
				6F1AA63E1776A41000713207 /* LICENCE */,
				6F1AA63F1776A41000713207 /* routes.txt */,
				6F1AA6401776A41000713207 /* shapes.txt */,
				6F1AA6411776A41000713207 /* stop_times.txt */,
				6F1AA6421776A41000713207 /* stops.txt */,
				6F1AA6431776A41000713207 /* trips.txt */,
			);
			name = google_transit;
			path = ../google_transit;
			sourceTree = "<group>";
		};
		6F24051016DF104700444E18 /* Location Classes */ = {
			isa = PBXGroup;
			children = (
				6F24051416DF106700444E18 /* MSAddress.h */,
				6F36798E1708C62B008FA13D /* MSAddress.m */,
				6F5E7C7B16ED5E08009F9DE3 /* MSIntersection.h */,
				6F5E7C7C16ED5E08009F9DE3 /* MSIntersection.m */,
				6F24051116DF105C00444E18 /* MSLocation.h */,
				6F24051216DF105C00444E18 /* MSLocation.m */,
				6F24051A16DF107F00444E18 /* MSMonument.h */,
				6F24051B16DF107F00444E18 /* MSMonument.m */,
				6F24051716DF107500444E18 /* MSStop.h */,
				6F24051816DF107500444E18 /* MSStop.m */,
			);
			name = "Location Classes";
			sourceTree = "<group>";
		};
		6F27EA8A16B8AFEA00444EEB /* Structure Classes */ = {
			isa = PBXGroup;
			children = (
				6F24051016DF104700444E18 /* Location Classes */,
				6F24050A16DEC9CE00444E18 /* MSQuery.h */,
				6F24050B16DEC9CE00444E18 /* MSQuery.m */,
				6F24052016DF18BF00444E18 /* MSSegment.h */,
				6F24052116DF18BF00444E18 /* MSSegment.m */,
				6F27EA8C16B8B09700444EEB /* MSRoute.h */,
				6F27EA8D16B8B09700444EEB /* MSRoute.m */,
				6F24051D16DF18AD00444E18 /* MSVariation.h */,
				6F24051E16DF18AE00444E18 /* MSVariation.m */,
				6FFF1BCB17681A9F00BF892F /* MSSuggestions.h */,
				6FFF1BCC17681A9F00BF892F /* MSSuggestions.m */,
				6F1AA6591776AB6600713207 /* MSStep.h */,
				6F1AA65A1776AB6600713207 /* MSStep.m */,
				6F1AA65F1776AB9700713207 /* MSLocationStep.h */,
				6F1AA6601776AB9700713207 /* MSLocationStep.m */,
				6F1AA65C1776AB7700713207 /* MSMovingStep.h */,
				6F1AA65D1776AB7700713207 /* MSMovingStep.m */,
			);
			name = "Structure Classes";
			sourceTree = "<group>";
		};
		6F60B86D1526ACD100FFCD99 /* Icons */ = {
			isa = PBXGroup;
			children = (
				6F60B86B1526AB6B00FFCD99 /* Icon-72.png */,
				6F60B8691526AB0C00FFCD99 /* Icon.png */,
				6F60B8671526AB0200FFCD99 /* Icon@2x.png */,
			);
			name = Icons;
			sourceTree = "<group>";
		};
		6F7646A5159E9D7D008AEE88 /* Custom UI Features */ = {
			isa = PBXGroup;
			children = (
				6F7646A7159E9E6D008AEE88 /* MSExitBar.h */,
				6F7646A8159E9E6D008AEE88 /* MSExitBar.m */,
				6F91DBA415BD03D1005B9B7A /* SubmitButton.h */,
				6F91DBA515BD03D1005B9B7A /* SubmitButton.m */,
				6F5802F5158817660031A17E /* MSSeparator.h */,
				6F5802F6158817660031A17E /* MSSeparator.m */,
				6FCB386D15ED973100FC4557 /* AnimationInstructionSheet.h */,
				6FCB386E15ED973100FC4557 /* AnimationInstructionSheet.m */,
				6F5BD0A4166B190F0077B2EB /* SearchHistoryViewController.h */,
				6F5BD0A5166B190F0077B2EB /* SearchHistoryViewController.m */,
				6FF7AC8F16B7327200567861 /* QueryHistoryViewController.h */,
				6FF7AC9016B7327200567861 /* QueryHistoryViewController.m */,
				6FD5E80F16D71D1900896532 /* TripHistoryViewController.h */,
				6FD5E81016D71D1900896532 /* TripHistoryViewController.m */,
				6FD5E7E516D6F51F00896532 /* MSTextField.h */,
				6FD5E7E616D6F51F00896532 /* MSTextField.m */,
			);
			name = "Custom UI Features";
			sourceTree = "<group>";
		};
		6FBFCFD717D50C9100C05C1F /* TBXML */ = {
			isa = PBXGroup;
			children = (
				6FBFCFE517D50CEC00C05C1F /* TBXML.h */,
				6FBFCFE617D50CEC00C05C1F /* TBXML+Compression.h */,
				6FBFCFE717D50CEC00C05C1F /* TBXML+HTTP.h */,
				6FBFCFD817D50C9100C05C1F /* TBXML+Compression.m */,
				6FBFCFD917D50C9100C05C1F /* TBXML+HTTP.m */,
				6FBFCFDA17D50C9100C05C1F /* TBXML.m */,
			);
			path = TBXML;
			sourceTree = "<group>";
		};
		6FC73FF1186D45D7002BA1B1 /* Parsers */ = {
			isa = PBXGroup;
			children = (
				6FC73FEE186D45CE002BA1B1 /* GTFSParser.h */,
				6FC73FEF186D45CE002BA1B1 /* GTFSParser.m */,
				6F519A081502F84200395F84 /* XMLParser.h */,
				6F519A091502F84200395F84 /* XMLParser.m */,
			);
			name = Parsers;
			sourceTree = "<group>";
		};
		6FC73FF2186D4A72002BA1B1 /* CSVParser */ = {
			isa = PBXGroup;
			children = (
				6FC73FF3186D4A9E002BA1B1 /* CSVParser.h */,
				6FC73FF4186D4A9E002BA1B1 /* CSVParser.m */,
			);
			name = CSVParser;
			path = ../appirater;
			sourceTree = "<group>";
		};
		6FE6D00817EFB21D006B3ADF /* Images */ = {
			isa = PBXGroup;
			children = (
				6FE6D00417EFB200006B3ADF /* cell_separator.png */,
				6FE6D00617EFB210006B3ADF /* separator.png */,
			);
			name = Images;
			sourceTree = "<group>";
		};
		6FEA7B9A152D53750026469A /* NIB Files */ = {
			isa = PBXGroup;
			children = (
				6FEA7B9C152D53BD0026469A /* NavigoView_iPhone.xib */,
				6FDA285F154E07720093EF2E /* NavigoResults_iPhone.xib */,
				6F5BD0A8166B1DE40077B2EB /* SearchHistoryView.xib */,
				6FACB7BB178895D700D7598B /* QueryHistoryViewController.xib */,
				6FF7AC9116B7327200567861 /* SavedRouteView.xib */,
				6FD5E81116D71D1900896532 /* TripHistoryViewController.xib */,
			);
			name = "NIB Files";
			sourceTree = "<group>";
		};
		6FF56FA6158BC49C00CC015C /* Tableview Cells */ = {
			isa = PBXGroup;
			children = (
				6F643F871875DBEF00C27C26 /* MSSuggestionBoxCell.h */,
				6F643F881875DBEF00C27C26 /* MSSuggestionBoxCell.m */,
				4342D4521582611600A4A558 /* MSTableViewCell.h */,
				4342D4531582611600A4A558 /* MSTableViewCell.m */,
				4342D4561582627E00A4A558 /* MSTableViewCell.xib */,
				6FF56FA2158BC49000CC015C /* VariationTableViewCell.h */,
				6FF56FA3158BC49000CC015C /* VariationTableViewCell.m */,
				6FF56FA7158BC4C500CC015C /* VariationTableViewCell.xib */,
				6FACB7BD1788A8D900D7598B /* TextBoxCell.h */,
				6FACB7BE1788A8D900D7598B /* TextBoxCell.m */,
				6FACB7C01788A8F000D7598B /* TextBoxCell.xib */,
				6F9A386F16E5C1AD00D7C076 /* TripHistoryCell.h */,
				6F9A387016E5C1AD00D7C076 /* TripHistoryCell.m */,
				6F9A387216E5C1C300D7C076 /* TripHistoryCell.xib */,
			);
			name = "Tableview Cells";
			sourceTree = "<group>";
		};
		6FF56FB0158C237F00CC015C /* Tableviews */ = {
			isa = PBXGroup;
			children = (
				6FA470EC16150C2F00C0CAD6 /* VariationDisplayTableViewController.h */,
				6FA470ED16150C2F00C0CAD6 /* VariationDisplayTableViewController.m */,
				6FF56FAD158C237A00CC015C /* VariationSelectorTableVew.h */,
				6FF56FAE158C237A00CC015C /* VariationSelectorTableVew.m */,
				6FBF8BCD1597CD07009C9AA9 /* MSSuggestionBox.h */,
				6FBF8BCE1597CD07009C9AA9 /* MSSuggestionBox.m */,
			);
			name = Tableviews;
			path = ..;
			sourceTree = "<group>";
		};
		6FF72BC31864EE4B0037A65D /* ViewControllers */ = {
			isa = PBXGroup;
			children = (
				6FF72BC01864EE440037A65D /* NavigoneViewController.h */,
				6FF72BC11864EE440037A65D /* NavigoneViewController.m */,
			);
			name = ViewControllers;
			sourceTree = "<group>";
		};
		6FF72BC7186500770037A65D /* UIElements */ = {
			isa = PBXGroup;
			children = (
				6FF72BC8186509AA0037A65D /* MSInfoBox.h */,
				6FF72BC9186509AA0037A65D /* MSInfoBox.m */,
				6FDC79DA187A50FA007462CA /* MSLocationButton.h */,
				6FDC79DB187A50FA007462CA /* MSLocationButton.m */,
				6FF72BC41865006A0037A65D /* MSTopBar.h */,
				6FF72BC51865006A0037A65D /* MSTopBar.m */,
			);
			name = UIElements;
			sourceTree = "<group>";
		};
/* End PBXGroup section */

/* Begin PBXNativeTarget section */
		4316805015013E4100A41785 /* Winnipeg Transit */ = {
			isa = PBXNativeTarget;
			buildConfigurationList = 4316809215013E4200A41785 /* Build configuration list for PBXNativeTarget "Winnipeg Transit" */;
			buildPhases = (
				4316804D15013E4100A41785 /* Sources */,
				4316804E15013E4100A41785 /* Frameworks */,
				4316804F15013E4100A41785 /* Resources */,
			);
			buildRules = (
			);
			dependencies = (
			);
			name = "Winnipeg Transit";
			productName = "Winnipeg Transit";
			productReference = 4316805115013E4100A41785 /* Winnipeg Transit.app */;
			productType = "com.apple.product-type.application";
		};
		4316807F15013E4100A41785 /* Winnipeg TransitTests */ = {
			isa = PBXNativeTarget;
			buildConfigurationList = 4316809515013E4200A41785 /* Build configuration list for PBXNativeTarget "Winnipeg TransitTests" */;
			buildPhases = (
				4316807B15013E4100A41785 /* Sources */,
				4316807C15013E4100A41785 /* Frameworks */,
				4316807D15013E4100A41785 /* Resources */,
				4316807E15013E4100A41785 /* ShellScript */,
			);
			buildRules = (
			);
			dependencies = (
				4316808615013E4200A41785 /* PBXTargetDependency */,
			);
			name = "Winnipeg TransitTests";
			productName = "Winnipeg TransitTests";
			productReference = 4316808015013E4200A41785 /* Winnipeg TransitTests.octest */;
			productType = "com.apple.product-type.bundle";
		};
/* End PBXNativeTarget section */

/* Begin PBXProject section */
		4316804815013E4100A41785 /* Project object */ = {
			isa = PBXProject;
			attributes = {
				LastUpgradeCheck = 0500;
				ORGANIZATIONNAME = marca311;
				TargetAttributes = {
					4316805015013E4100A41785 = {
						DevelopmentTeam = Y4NUPSX5PK;
						SystemCapabilities = {
							com.apple.InAppPurchase = {
								enabled = 0;
							};
						};
					};
				};
			};
			buildConfigurationList = 4316804B15013E4100A41785 /* Build configuration list for PBXProject "Winnipeg Transit" */;
			compatibilityVersion = "Xcode 3.2";
			developmentRegion = English;
			hasScannedForEncodings = 0;
			knownRegions = (
				en,
				ca,
				cs,
				da,
				de,
				el,
				es,
				fi,
				fr,
				he,
				hu,
				id,
				it,
				ja,
				ko,
				nb,
				nl,
				pl,
				pt,
				ro,
				ru,
				sk,
				sv,
				tr,
				"zh-Hans",
				"zh-Hant",
			);
			mainGroup = 4316804615013E4100A41785;
			productRefGroup = 4316805215013E4100A41785 /* Products */;
			projectDirPath = "";
			projectRoot = "";
			targets = (
				4316805015013E4100A41785 /* Winnipeg Transit */,
				4316807F15013E4100A41785 /* Winnipeg TransitTests */,
			);
		};
/* End PBXProject section */

/* Begin PBXResourcesBuildPhase section */
		4316804F15013E4100A41785 /* Resources */ = {
			isa = PBXResourcesBuildPhase;
			buildActionMask = 2147483647;
			files = (
				4316806015013E4100A41785 /* InfoPlist.strings in Resources */,
				6F378F0B1526869B00FCA44D /* Settings.bundle in Resources */,
				6F60B8681526AB0200FFCD99 /* Icon@2x.png in Resources */,
				6F60B86A1526AB0C00FFCD99 /* Icon.png in Resources */,
				6F60B86C1526AB6B00FFCD99 /* Icon-72.png in Resources */,
				6FEA7B9D152D53BD0026469A /* NavigoView_iPhone.xib in Resources */,
				6FDA2860154E07720093EF2E /* NavigoResults_iPhone.xib in Resources */,
				4342D4571582627E00A4A558 /* MSTableViewCell.xib in Resources */,
				6FF56FA8158BC4C500CC015C /* VariationTableViewCell.xib in Resources */,
				6F9CB1F2164B5CE50059FA52 /* Default-568h@2x.png in Resources */,
				6F5BD0A9166B1DE40077B2EB /* SearchHistoryView.xib in Resources */,
				6F0A256717EF770100D9F0A6 /* AppiraterLocalizable.strings in Resources */,
				6FF7AC9316B7327200567861 /* SavedRouteView.xib in Resources */,
				6FD5E7F316D6FF5600896532 /* GoogleMaps.bundle in Resources */,
				6F0A256817EF770100D9F0A6 /* README.md in Resources */,
				6FD5E81316D71D1900896532 /* TripHistoryViewController.xib in Resources */,
				6F9A387316E5C1C300D7C076 /* TripHistoryCell.xib in Resources */,
				6F1AA6441776A41000713207 /* agency.txt in Resources */,
				6F1AA6451776A41000713207 /* calendar.txt in Resources */,
				6FE6D00517EFB200006B3ADF /* cell_separator.png in Resources */,
				6F1AA6461776A41000713207 /* calendar_dates.txt in Resources */,
				6F1AA6471776A41000713207 /* fare_attributes.txt in Resources */,
				6F0A256617EF770100D9F0A6 /* Appirater.podspec in Resources */,
				6F1AA6481776A41000713207 /* fare_rules.txt in Resources */,
				6FE6D00717EFB210006B3ADF /* separator.png in Resources */,
				6F1AA6491776A41000713207 /* LICENCE in Resources */,
				6F1AA64A1776A41000713207 /* routes.txt in Resources */,
				6F1AA64B1776A41000713207 /* shapes.txt in Resources */,
				6F1AA64C1776A41000713207 /* stop_times.txt in Resources */,
				6F1AA64D1776A41000713207 /* stops.txt in Resources */,
				6F1AA64E1776A41000713207 /* trips.txt in Resources */,
				6FACB7BC178895D700D7598B /* QueryHistoryViewController.xib in Resources */,
				6FACB7C11788A8F000D7598B /* TextBoxCell.xib in Resources */,
				6FE5988B17B8119600928D3B /* Changelog in Resources */,
			);
			runOnlyForDeploymentPostprocessing = 0;
		};
		4316807D15013E4100A41785 /* Resources */ = {
			isa = PBXResourcesBuildPhase;
			buildActionMask = 2147483647;
			files = (
				4316808C15013E4200A41785 /* InfoPlist.strings in Resources */,
			);
			runOnlyForDeploymentPostprocessing = 0;
		};
/* End PBXResourcesBuildPhase section */

/* Begin PBXShellScriptBuildPhase section */
		4316807E15013E4100A41785 /* ShellScript */ = {
			isa = PBXShellScriptBuildPhase;
			buildActionMask = 2147483647;
			files = (
			);
			inputPaths = (
			);
			outputPaths = (
			);
			runOnlyForDeploymentPostprocessing = 0;
			shellPath = /bin/sh;
			shellScript = "# Run the unit tests in this test bundle.\n\"${SYSTEM_DEVELOPER_DIR}/Tools/RunUnitTests\"\n";
		};
/* End PBXShellScriptBuildPhase section */

/* Begin PBXSourcesBuildPhase section */
		4316804D15013E4100A41785 /* Sources */ = {
			isa = PBXSourcesBuildPhase;
			buildActionMask = 2147483647;
			files = (
				4316806215013E4100A41785 /* main.m in Sources */,
				4316806615013E4100A41785 /* AppDelegate.m in Sources */,
				4316809A15013F6900A41785 /* navigoViewController.m in Sources */,
				4316809D15013F8300A41785 /* timetableViewController.m in Sources */,
				431680A015013FA400A41785 /* stopscheduleViewController.m in Sources */,
				6FF72BC61865006A0037A65D /* MSTopBar.m in Sources */,
				6F519A0A1502F84200395F84 /* XMLParser.m in Sources */,
				435617DF151266050022F903 /* UniversalViewController.m in Sources */,
				6F6AD88C1513E5B300E69E97 /* navigoViewLibrary.m in Sources */,
				430505A315177FAE00C08BC7 /* MSUtilities.m in Sources */,
				6FC73FF5186D4A9E002BA1B1 /* CSVParser.m in Sources */,
				6FF72BC21864EE440037A65D /* NavigoneViewController.m in Sources */,
				6F60B8701526B0AE00FFCD99 /* navigoResultViewController.m in Sources */,
				4342D4541582611600A4A558 /* MSTableViewCell.m in Sources */,
				6FDEA9761587955F00D363EC /* DejalActivityView.m in Sources */,
				6F5802F7158817660031A17E /* MSSeparator.m in Sources */,
				6FF56FA4158BC49000CC015C /* VariationTableViewCell.m in Sources */,
				6FF56FAF158C237A00CC015C /* VariationSelectorTableVew.m in Sources */,
				6FBF8BCF1597CD07009C9AA9 /* MSSuggestionBox.m in Sources */,
				6F7646A9159E9E6D008AEE88 /* MSExitBar.m in Sources */,
				6FF72BCA186509AA0037A65D /* MSInfoBox.m in Sources */,
				6F91DBA615BD03D1005B9B7A /* SubmitButton.m in Sources */,
				6FCB386F15ED973100FC4557 /* AnimationInstructionSheet.m in Sources */,
				6FA470EE16150C2F00C0CAD6 /* VariationDisplayTableViewController.m in Sources */,
				6F9E37E4186A30FF00F17A24 /* apiKeys.m in Sources */,
				6F5BD0A6166B190F0077B2EB /* SearchHistoryViewController.m in Sources */,
				6FF7AC9216B7327200567861 /* QueryHistoryViewController.m in Sources */,
				6F27EA8E16B8B09700444EEB /* MSRoute.m in Sources */,
				6FD5E7E716D6F51F00896532 /* MSTextField.m in Sources */,
				6FD5E81216D71D1900896532 /* TripHistoryViewController.m in Sources */,
				6FC73FF0186D45CE002BA1B1 /* GTFSParser.m in Sources */,
				6F24050C16DEC9CE00444E18 /* MSQuery.m in Sources */,
				6F24051316DF105C00444E18 /* MSLocation.m in Sources */,
				6F24051916DF107500444E18 /* MSStop.m in Sources */,
				6F24051C16DF107F00444E18 /* MSMonument.m in Sources */,
				6F24051F16DF18AE00444E18 /* MSVariation.m in Sources */,
				6F24052216DF18BF00444E18 /* MSSegment.m in Sources */,
				6F9A387116E5C1AD00D7C076 /* TripHistoryCell.m in Sources */,
				6F5E7C7D16ED5E08009F9DE3 /* MSIntersection.m in Sources */,
				6F36798F1708C62B008FA13D /* MSAddress.m in Sources */,
				6FFF1BCD17681A9F00BF892F /* MSSuggestions.m in Sources */,
				6F1AA65B1776AB6600713207 /* MSStep.m in Sources */,
				6F1AA65E1776AB7700713207 /* MSMovingStep.m in Sources */,
				6F0A256517EF770100D9F0A6 /* Appirater.m in Sources */,
				6F1AA6611776AB9700713207 /* MSLocationStep.m in Sources */,
				6FACB7BF1788A8D900D7598B /* TextBoxCell.m in Sources */,
				6FBFCFDB17D50C9100C05C1F /* TBXML+Compression.m in Sources */,
				6FBFCFDC17D50C9100C05C1F /* TBXML+HTTP.m in Sources */,
				6FDC79DC187A50FA007462CA /* MSLocationButton.m in Sources */,
				6F643F891875DBEF00C27C26 /* MSSuggestionBoxCell.m in Sources */,
				6FBFCFDD17D50C9100C05C1F /* TBXML.m in Sources */,
			);
			runOnlyForDeploymentPostprocessing = 0;
		};
		4316807B15013E4100A41785 /* Sources */ = {
			isa = PBXSourcesBuildPhase;
			buildActionMask = 2147483647;
			files = (
				4316808F15013E4200A41785 /* Winnipeg_TransitTests.m in Sources */,
			);
			runOnlyForDeploymentPostprocessing = 0;
		};
/* End PBXSourcesBuildPhase section */

/* Begin PBXTargetDependency section */
		4316808615013E4200A41785 /* PBXTargetDependency */ = {
			isa = PBXTargetDependency;
			target = 4316805015013E4100A41785 /* Winnipeg Transit */;
			targetProxy = 4316808515013E4200A41785 /* PBXContainerItemProxy */;
		};
/* End PBXTargetDependency section */

/* Begin PBXVariantGroup section */
		4316805E15013E4100A41785 /* InfoPlist.strings */ = {
			isa = PBXVariantGroup;
			children = (
				4316805F15013E4100A41785 /* en */,
			);
			name = InfoPlist.strings;
			sourceTree = "<group>";
		};
		4316808A15013E4200A41785 /* InfoPlist.strings */ = {
			isa = PBXVariantGroup;
			children = (
				4316808B15013E4200A41785 /* en */,
			);
			name = InfoPlist.strings;
			sourceTree = "<group>";
		};
		6F0A254817EF770100D9F0A6 /* AppiraterLocalizable.strings */ = {
			isa = PBXVariantGroup;
			children = (
				6F0A254917EF770100D9F0A6 /* ca */,
				6F0A254A17EF770100D9F0A6 /* cs */,
				6F0A254B17EF770100D9F0A6 /* da */,
				6F0A254C17EF770100D9F0A6 /* de */,
				6F0A254D17EF770100D9F0A6 /* el */,
				6F0A254E17EF770100D9F0A6 /* en */,
				6F0A254F17EF770100D9F0A6 /* es */,
				6F0A255017EF770100D9F0A6 /* fi */,
				6F0A255117EF770100D9F0A6 /* fr */,
				6F0A255217EF770100D9F0A6 /* he */,
				6F0A255317EF770100D9F0A6 /* hu */,
				6F0A255417EF770100D9F0A6 /* id */,
				6F0A255517EF770100D9F0A6 /* it */,
				6F0A255617EF770100D9F0A6 /* ja */,
				6F0A255717EF770100D9F0A6 /* ko */,
				6F0A255817EF770100D9F0A6 /* nb */,
				6F0A255917EF770100D9F0A6 /* nl */,
				6F0A255A17EF770100D9F0A6 /* pl */,
				6F0A255B17EF770100D9F0A6 /* pt */,
				6F0A255D17EF770100D9F0A6 /* ro */,
				6F0A255E17EF770100D9F0A6 /* ru */,
				6F0A255F17EF770100D9F0A6 /* sk */,
				6F0A256017EF770100D9F0A6 /* sv */,
				6F0A256117EF770100D9F0A6 /* tr */,
				6F0A256217EF770100D9F0A6 /* zh-Hans */,
				6F0A256317EF770100D9F0A6 /* zh-Hant */,
			);
			name = AppiraterLocalizable.strings;
			sourceTree = "<group>";
		};
/* End PBXVariantGroup section */

/* Begin XCBuildConfiguration section */
		4316809015013E4200A41785 /* Debug */ = {
			isa = XCBuildConfiguration;
			buildSettings = {
				ALWAYS_SEARCH_USER_PATHS = NO;
				CLANG_ENABLE_OBJC_ARC = YES;
				CLANG_WARN_BOOL_CONVERSION = YES;
				CLANG_WARN_CONSTANT_CONVERSION = YES;
				CLANG_WARN_EMPTY_BODY = YES;
				CLANG_WARN_ENUM_CONVERSION = YES;
				CLANG_WARN_INT_CONVERSION = YES;
				CLANG_WARN__DUPLICATE_METHOD_MATCH = YES;
				CODE_SIGN_IDENTITY = "iPhone Developer";
				"CODE_SIGN_IDENTITY[sdk=iphoneos*]" = "iPhone Developer";
				COPY_PHASE_STRIP = NO;
				GCC_C_LANGUAGE_STANDARD = gnu99;
				GCC_DYNAMIC_NO_PIC = NO;
				GCC_OPTIMIZATION_LEVEL = 0;
				GCC_PREPROCESSOR_DEFINITIONS = (
					"DEBUG=1",
					"$(inherited)",
				);
				GCC_SYMBOLS_PRIVATE_EXTERN = NO;
				GCC_VERSION = com.apple.compilers.llvm.clang.1_0;
				GCC_WARN_64_TO_32_BIT_CONVERSION = YES;
				GCC_WARN_ABOUT_MISSING_PROTOTYPES = YES;
				GCC_WARN_ABOUT_RETURN_TYPE = YES;
				GCC_WARN_UNDECLARED_SELECTOR = YES;
				GCC_WARN_UNINITIALIZED_AUTOS = YES;
				GCC_WARN_UNUSED_FUNCTION = YES;
				GCC_WARN_UNUSED_VARIABLE = YES;
				IPHONEOS_DEPLOYMENT_TARGET = 4.3;
				ONLY_ACTIVE_ARCH = YES;
				OTHER_LDFLAGS = "-ObjC";
				PRODUCT_NAME = "";
				PROVISIONING_PROFILE = "";
				SDKROOT = iphoneos;
				TARGETED_DEVICE_FAMILY = "1,2";
				VALID_ARCHS = armv7;
			};
			name = Debug;
		};
		4316809115013E4200A41785 /* Release */ = {
			isa = XCBuildConfiguration;
			buildSettings = {
				ALWAYS_SEARCH_USER_PATHS = NO;
				CLANG_ENABLE_OBJC_ARC = YES;
				CLANG_WARN_BOOL_CONVERSION = YES;
				CLANG_WARN_CONSTANT_CONVERSION = YES;
				CLANG_WARN_EMPTY_BODY = YES;
				CLANG_WARN_ENUM_CONVERSION = YES;
				CLANG_WARN_INT_CONVERSION = YES;
				CLANG_WARN__DUPLICATE_METHOD_MATCH = YES;
				CODE_SIGN_IDENTITY = "iPhone Developer";
				"CODE_SIGN_IDENTITY[sdk=iphoneos*]" = "iPhone Developer";
				COPY_PHASE_STRIP = YES;
				GCC_C_LANGUAGE_STANDARD = gnu99;
				GCC_VERSION = com.apple.compilers.llvm.clang.1_0;
				GCC_WARN_64_TO_32_BIT_CONVERSION = YES;
				GCC_WARN_ABOUT_MISSING_PROTOTYPES = YES;
				GCC_WARN_ABOUT_RETURN_TYPE = YES;
				GCC_WARN_UNDECLARED_SELECTOR = YES;
				GCC_WARN_UNINITIALIZED_AUTOS = YES;
				GCC_WARN_UNUSED_FUNCTION = YES;
				GCC_WARN_UNUSED_VARIABLE = YES;
				IPHONEOS_DEPLOYMENT_TARGET = 4.3;
				OTHER_CFLAGS = "-DNS_BLOCK_ASSERTIONS=1";
				OTHER_LDFLAGS = "-ObjC";
				PRODUCT_NAME = "";
				PROVISIONING_PROFILE = "";
				"PROVISIONING_PROFILE[sdk=iphoneos*]" = "";
				SDKROOT = iphoneos;
				TARGETED_DEVICE_FAMILY = "1,2";
				VALIDATE_PRODUCT = NO;
				VALID_ARCHS = armv7;
			};
			name = Release;
		};
		4316809315013E4200A41785 /* Debug */ = {
			isa = XCBuildConfiguration;
			buildSettings = {
				CODE_SIGN_IDENTITY = "iPhone Developer";
				"CODE_SIGN_IDENTITY[sdk=iphoneos*]" = "iPhone Developer";
				FRAMEWORK_SEARCH_PATHS = (
					"$(inherited)",
					"$(SRCROOT)",
					"/Users/marcusdyck/Documents/Xcode\\ Projects/Winnipeg-Transit",
				);
				GCC_PRECOMPILE_PREFIX_HEADER = YES;
				GCC_PREFIX_HEADER = "Winnipeg Transit/Winnipeg Transit-Prefix.pch";
				INFOPLIST_FILE = "Winnipeg Transit/Winnipeg Transit-Info.plist";
				IPHONEOS_DEPLOYMENT_TARGET = 5.1;
				PRODUCT_NAME = "Winnipeg Transit";
				PROVISIONING_PROFILE = "";
				TARGETED_DEVICE_FAMILY = "1,2";
				WRAPPER_EXTENSION = app;
			};
			name = Debug;
		};
		4316809415013E4200A41785 /* Release */ = {
			isa = XCBuildConfiguration;
			buildSettings = {
				CODE_SIGN_IDENTITY = "iPhone Developer";
				"CODE_SIGN_IDENTITY[sdk=iphoneos*]" = "iPhone Developer";
				FRAMEWORK_SEARCH_PATHS = (
					"$(inherited)",
					"$(SRCROOT)",
					"/Users/marcusdyck/Documents/Xcode\\ Projects/Winnipeg-Transit",
				);
				GCC_PRECOMPILE_PREFIX_HEADER = YES;
				GCC_PREFIX_HEADER = "Winnipeg Transit/Winnipeg Transit-Prefix.pch";
				INFOPLIST_FILE = "Winnipeg Transit/Winnipeg Transit-Info.plist";
				IPHONEOS_DEPLOYMENT_TARGET = 5.1;
				PRODUCT_NAME = "Winnipeg Transit";
				PROVISIONING_PROFILE = "";
				TARGETED_DEVICE_FAMILY = "1,2";
				VALIDATE_PRODUCT = NO;
				WRAPPER_EXTENSION = app;
			};
			name = Release;
		};
		4316809615013E4200A41785 /* Debug */ = {
			isa = XCBuildConfiguration;
			buildSettings = {
				BUNDLE_LOADER = "$(BUILT_PRODUCTS_DIR)/Winnipeg Transit.app/Winnipeg Transit";
				FRAMEWORK_SEARCH_PATHS = (
					"$(SDKROOT)/Developer/Library/Frameworks",
					"$(DEVELOPER_LIBRARY_DIR)/Frameworks",
				);
				GCC_PRECOMPILE_PREFIX_HEADER = YES;
				GCC_PREFIX_HEADER = "Winnipeg Transit/Winnipeg Transit-Prefix.pch";
				INFOPLIST_FILE = "Winnipeg TransitTests/Winnipeg TransitTests-Info.plist";
				PRODUCT_NAME = "$(TARGET_NAME)";
				TEST_HOST = "$(BUNDLE_LOADER)";
				WRAPPER_EXTENSION = octest;
			};
			name = Debug;
		};
		4316809715013E4200A41785 /* Release */ = {
			isa = XCBuildConfiguration;
			buildSettings = {
				BUNDLE_LOADER = "$(BUILT_PRODUCTS_DIR)/Winnipeg Transit.app/Winnipeg Transit";
				FRAMEWORK_SEARCH_PATHS = (
					"$(SDKROOT)/Developer/Library/Frameworks",
					"$(DEVELOPER_LIBRARY_DIR)/Frameworks",
				);
				GCC_PRECOMPILE_PREFIX_HEADER = YES;
				GCC_PREFIX_HEADER = "Winnipeg Transit/Winnipeg Transit-Prefix.pch";
				INFOPLIST_FILE = "Winnipeg TransitTests/Winnipeg TransitTests-Info.plist";
				PRODUCT_NAME = "$(TARGET_NAME)";
				TEST_HOST = "$(BUNDLE_LOADER)";
				WRAPPER_EXTENSION = octest;
			};
			name = Release;
		};
		6FF4C79A16E96987007FEF7D /* AppStore */ = {
			isa = XCBuildConfiguration;
			buildSettings = {
				ALWAYS_SEARCH_USER_PATHS = NO;
				CLANG_ENABLE_OBJC_ARC = YES;
				CLANG_WARN_BOOL_CONVERSION = YES;
				CLANG_WARN_CONSTANT_CONVERSION = YES;
				CLANG_WARN_EMPTY_BODY = YES;
				CLANG_WARN_ENUM_CONVERSION = YES;
				CLANG_WARN_INT_CONVERSION = YES;
				CLANG_WARN__DUPLICATE_METHOD_MATCH = YES;
				CODE_SIGN_IDENTITY = "iPhone Developer";
				"CODE_SIGN_IDENTITY[sdk=iphoneos*]" = "iPhone Distribution";
				COPY_PHASE_STRIP = YES;
				GCC_C_LANGUAGE_STANDARD = gnu99;
				GCC_VERSION = com.apple.compilers.llvm.clang.1_0;
				GCC_WARN_64_TO_32_BIT_CONVERSION = YES;
				GCC_WARN_ABOUT_MISSING_PROTOTYPES = YES;
				GCC_WARN_ABOUT_RETURN_TYPE = YES;
				GCC_WARN_UNDECLARED_SELECTOR = YES;
				GCC_WARN_UNINITIALIZED_AUTOS = YES;
				GCC_WARN_UNUSED_FUNCTION = YES;
				GCC_WARN_UNUSED_VARIABLE = YES;
				IPHONEOS_DEPLOYMENT_TARGET = 4.3;
				OTHER_CFLAGS = "-DNS_BLOCK_ASSERTIONS=1";
				OTHER_LDFLAGS = "-ObjC";
				PRODUCT_NAME = "";
				PROVISIONING_PROFILE = "";
				"PROVISIONING_PROFILE[sdk=iphoneos*]" = "";
				SDKROOT = iphoneos;
				TARGETED_DEVICE_FAMILY = "1,2";
				VALIDATE_PRODUCT = NO;
				VALID_ARCHS = armv7;
			};
			name = AppStore;
		};
		6FF4C79B16E96987007FEF7D /* AppStore */ = {
			isa = XCBuildConfiguration;
			buildSettings = {
				CODE_SIGN_IDENTITY = "iPhone Developer";
				"CODE_SIGN_IDENTITY[sdk=iphoneos*]" = "iPhone Developer";
				FRAMEWORK_SEARCH_PATHS = (
					"$(inherited)",
					"$(SRCROOT)",
					"/Users/marcusdyck/Documents/Xcode\\ Projects/Winnipeg-Transit",
				);
				GCC_PRECOMPILE_PREFIX_HEADER = YES;
				GCC_PREFIX_HEADER = "Winnipeg Transit/Winnipeg Transit-Prefix.pch";
				INFOPLIST_FILE = "Winnipeg Transit/Winnipeg Transit-Info.plist";
				IPHONEOS_DEPLOYMENT_TARGET = 5.1;
				PRODUCT_NAME = "Winnipeg Transit";
				PROVISIONING_PROFILE = "";
				TARGETED_DEVICE_FAMILY = "1,2";
				WRAPPER_EXTENSION = app;
			};
			name = AppStore;
		};
		6FF4C79C16E96987007FEF7D /* AppStore */ = {
			isa = XCBuildConfiguration;
			buildSettings = {
				BUNDLE_LOADER = "$(BUILT_PRODUCTS_DIR)/Winnipeg Transit.app/Winnipeg Transit";
				FRAMEWORK_SEARCH_PATHS = (
					"$(SDKROOT)/Developer/Library/Frameworks",
					"$(DEVELOPER_LIBRARY_DIR)/Frameworks",
				);
				GCC_PRECOMPILE_PREFIX_HEADER = YES;
				GCC_PREFIX_HEADER = "Winnipeg Transit/Winnipeg Transit-Prefix.pch";
				INFOPLIST_FILE = "Winnipeg TransitTests/Winnipeg TransitTests-Info.plist";
				PRODUCT_NAME = "$(TARGET_NAME)";
				TEST_HOST = "$(BUNDLE_LOADER)";
				WRAPPER_EXTENSION = octest;
			};
			name = AppStore;
		};
/* End XCBuildConfiguration section */

/* Begin XCConfigurationList section */
		4316804B15013E4100A41785 /* Build configuration list for PBXProject "Winnipeg Transit" */ = {
			isa = XCConfigurationList;
			buildConfigurations = (
				4316809015013E4200A41785 /* Debug */,
				4316809115013E4200A41785 /* Release */,
				6FF4C79A16E96987007FEF7D /* AppStore */,
			);
			defaultConfigurationIsVisible = 0;
			defaultConfigurationName = Release;
		};
		4316809215013E4200A41785 /* Build configuration list for PBXNativeTarget "Winnipeg Transit" */ = {
			isa = XCConfigurationList;
			buildConfigurations = (
				4316809315013E4200A41785 /* Debug */,
				4316809415013E4200A41785 /* Release */,
				6FF4C79B16E96987007FEF7D /* AppStore */,
			);
			defaultConfigurationIsVisible = 0;
			defaultConfigurationName = Release;
		};
		4316809515013E4200A41785 /* Build configuration list for PBXNativeTarget "Winnipeg TransitTests" */ = {
			isa = XCConfigurationList;
			buildConfigurations = (
				4316809615013E4200A41785 /* Debug */,
				4316809715013E4200A41785 /* Release */,
				6FF4C79C16E96987007FEF7D /* AppStore */,
			);
			defaultConfigurationIsVisible = 0;
			defaultConfigurationName = Release;
		};
/* End XCConfigurationList section */
	};
	rootObject = 4316804815013E4100A41785 /* Project object */;
}
